// !$*UTF8*$!
{
	archiveVersion = 1;
	classes = {
	};
	objectVersion = 46;
	objects = {

/* Begin PBXBuildFile section */
		A2126B7516FB30B0000BE21C /* XVimMark.m in Sources */ = {isa = PBXBuildFile; fileRef = A2126B7416FB30B0000BE21C /* XVimMark.m */; };
		A2126B7816FB4806000BE21C /* XVimMarks.m in Sources */ = {isa = PBXBuildFile; fileRef = A2126B7716FB4806000BE21C /* XVimMarks.m */; };
		A216F3A1156560FE00AD2529 /* IDEEditorArea+XVim.m in Sources */ = {isa = PBXBuildFile; fileRef = A216F3A0156560FE00AD2529 /* IDEEditorArea+XVim.m */; };
		A222B5E11514DFCD005E8802 /* XVimOperatorEvaluator.m in Sources */ = {isa = PBXBuildFile; fileRef = A222B5E01514DFCD005E8802 /* XVimOperatorEvaluator.m */; };
		A2243B7017F03BFC00DD92A1 /* Info_Xcode5.plist in Resources */ = {isa = PBXBuildFile; fileRef = A2E7E45517EFF677008F045A /* Info_Xcode5.plist */; };
		A2277ED414F80BCB00A6B70C /* XVimDeleteEvaluator.m in Sources */ = {isa = PBXBuildFile; fileRef = A2277ED314F80BCB00A6B70C /* XVimDeleteEvaluator.m */; };
		A2277ED814F80BFE00A6B70C /* XVimShiftEvaluator.m in Sources */ = {isa = PBXBuildFile; fileRef = A2277ED714F80BFE00A6B70C /* XVimShiftEvaluator.m */; };
		A2277EDB14F80D5000A6B70C /* XVimYankEvaluator.m in Sources */ = {isa = PBXBuildFile; fileRef = A2277EDA14F80D5000A6B70C /* XVimYankEvaluator.m */; };
		A22A00A01708914E0003046C /* XVimUtil.m in Sources */ = {isa = PBXBuildFile; fileRef = A22A009F1708914D0003046C /* XVimUtil.m */; };
		A22A00A31709CBE50003046C /* XVimTestCase.m in Sources */ = {isa = PBXBuildFile; fileRef = A22A00A21709CBE50003046C /* XVimTestCase.m */; };
		A23771591611CD4300FE5F8B /* XVimMotion.m in Sources */ = {isa = PBXBuildFile; fileRef = A23771581611CD4200FE5F8B /* XVimMotion.m */; };
		A23D002417DA0C7D007EBB21 /* XVimJoinEvaluator.m in Sources */ = {isa = PBXBuildFile; fileRef = A23D002317DA0C7D007EBB21 /* XVimJoinEvaluator.m */; };
		A23E43181770E19B0066BF30 /* XVimTester+map.m in Sources */ = {isa = PBXBuildFile; fileRef = A23E43171770E19B0066BF30 /* XVimTester+map.m */; };
		A2420B3E14DDE59B008741DA /* AppKit.framework in Frameworks */ = {isa = PBXBuildFile; fileRef = A2B4BABE14D59F6600D817B0 /* AppKit.framework */; };
		A24782BF14D6F56E003B6433 /* Logger.m in Sources */ = {isa = PBXBuildFile; fileRef = A24782B314D6F56E003B6433 /* Logger.m */; };
		A24782C114D6F56E003B6433 /* XVim.m in Sources */ = {isa = PBXBuildFile; fileRef = A24782B814D6F56E003B6433 /* XVim.m */; };
		A24782C214D6F56E003B6433 /* XVimCommandField.m in Sources */ = {isa = PBXBuildFile; fileRef = A24782BA14D6F56E003B6433 /* XVimCommandField.m */; };
		A24782C614D6F6DC003B6433 /* InfoPlist.strings in Resources */ = {isa = PBXBuildFile; fileRef = A24782C414D6F6DC003B6433 /* InfoPlist.strings */; };
		A24BE47517AD0D31001F797B /* XVimTester+ExCmd.m in Sources */ = {isa = PBXBuildFile; fileRef = A24BE47417AD0D30001F797B /* XVimTester+ExCmd.m */; };
		A24CC36017F03CA00028876E /* XVim.xcplugin in Copy Files */ = {isa = PBXBuildFile; fileRef = A234821814E7E26A003E0FF3 /* XVim.xcplugin */; };
		A250950D1787B3340090F857 /* XVimTester+Register.m in Sources */ = {isa = PBXBuildFile; fileRef = A250950C1787B3340090F857 /* XVimTester+Register.m */; };
		A2575400172F5F0E003D8A97 /* XVimTester+TextObject.m in Sources */ = {isa = PBXBuildFile; fileRef = A25753FF172F5F0E003D8A97 /* XVimTester+TextObject.m */; };
		A2575403172F652B003D8A97 /* XVimTester+Motion.m in Sources */ = {isa = PBXBuildFile; fileRef = A2575402172F652B003D8A97 /* XVimTester+Motion.m */; };
		A2575406172F65E6003D8A97 /* XVimTester+Operator.m in Sources */ = {isa = PBXBuildFile; fileRef = A2575405172F65E6003D8A97 /* XVimTester+Operator.m */; };
		A2575409172F6698003D8A97 /* XVimTester+Mark.m in Sources */ = {isa = PBXBuildFile; fileRef = A2575408172F6698003D8A97 /* XVimTester+Mark.m */; };
		A257540C1732A58F003D8A97 /* XVimTester+Visual.m in Sources */ = {isa = PBXBuildFile; fileRef = A257540B1732A58E003D8A97 /* XVimTester+Visual.m */; };
		A257C28F156567250098CA09 /* DVTSourceTextView+XVim.m in Sources */ = {isa = PBXBuildFile; fileRef = A257C28E156567250098CA09 /* DVTSourceTextView+XVim.m */; };
		A2640CC917ACE651003D197D /* NSTextView+VimOperation.m in Sources */ = {isa = PBXBuildFile; fileRef = A2640CC817ACE651003D197D /* NSTextView+VimOperation.m */; };
		A26ACC4E154F2D6800B27D69 /* IDEEditorHook.m in Sources */ = {isa = PBXBuildFile; fileRef = A26ACC4D154F2D6700B27D69 /* IDEEditorHook.m */; };
		A26DC88615DF33C600779CB4 /* XVimTester.m in Sources */ = {isa = PBXBuildFile; fileRef = A26DC88515DF33C600779CB4 /* XVimTester.m */; };
		A26E5F6417A6BCAF0087C9B6 /* NSTextStorage+VimOperation.m in Sources */ = {isa = PBXBuildFile; fileRef = A26E5F6317A6BCAF0087C9B6 /* NSTextStorage+VimOperation.m */; };
		A2702B0216FE537D005ADD76 /* IDEWorkspaceWindowHook.m in Sources */ = {isa = PBXBuildFile; fileRef = A2702B0116FE537D005ADD76 /* IDEWorkspaceWindowHook.m */; };
		A2702B0B16FEA313005ADD76 /* NSObject+ExtraData.m in Sources */ = {isa = PBXBuildFile; fileRef = A2702B0A16FEA313005ADD76 /* NSObject+ExtraData.m */; };
		A2771E6B179EF520003B621E /* XVimTester+Issues.m in Sources */ = {isa = PBXBuildFile; fileRef = A2771E6A179EF520003B621E /* XVimTester+Issues.m */; };
		A28D42F514FE87AF004BC121 /* XVimGMotionEvaluator.m in Sources */ = {isa = PBXBuildFile; fileRef = A28D42F414FE87AF004BC121 /* XVimGMotionEvaluator.m */; };
		A28D42F814FE8E2A004BC121 /* XVimInsertEvaluator.m in Sources */ = {isa = PBXBuildFile; fileRef = A28D42F714FE8E2A004BC121 /* XVimInsertEvaluator.m */; };
		A28D895717BFF434002709D8 /* XVimTester+Search.m in Sources */ = {isa = PBXBuildFile; fileRef = A28D895617BFF434002709D8 /* XVimTester+Search.m */; };
		A28F422817EEDBC200A3F7AE /* Logger.m in Sources */ = {isa = PBXBuildFile; fileRef = A24782B314D6F56E003B6433 /* Logger.m */; };
		A28F422917EEDBC200A3F7AE /* XVim.m in Sources */ = {isa = PBXBuildFile; fileRef = A24782B814D6F56E003B6433 /* XVim.m */; };
		A28F422A17EEDBC200A3F7AE /* XVimCommandField.m in Sources */ = {isa = PBXBuildFile; fileRef = A24782BA14D6F56E003B6433 /* XVimCommandField.m */; };
		A28F422B17EEDBC200A3F7AE /* XVimCommandLine.m in Sources */ = {isa = PBXBuildFile; fileRef = A2A8A4FF14E41C66002EA6C8 /* XVimCommandLine.m */; };
		A28F422C17EEDBC200A3F7AE /* Hooker.m in Sources */ = {isa = PBXBuildFile; fileRef = A2C4E79714E7F35300751199 /* Hooker.m */; };
		A28F422D17EEDBC200A3F7AE /* XVimEvaluator.m in Sources */ = {isa = PBXBuildFile; fileRef = A2C4E79B14E7F36B00751199 /* XVimEvaluator.m */; };
		A28F422E17EEDBC200A3F7AE /* XVimNormalEvaluator.m in Sources */ = {isa = PBXBuildFile; fileRef = A2F4A33D14F00B25006DA5A5 /* XVimNormalEvaluator.m */; };
		A28F422F17EEDBC200A3F7AE /* XVimVisualEvaluator.m in Sources */ = {isa = PBXBuildFile; fileRef = A2F4A34214F00BD3006DA5A5 /* XVimVisualEvaluator.m */; };
		A28F423017EEDBC200A3F7AE /* XVimDeleteEvaluator.m in Sources */ = {isa = PBXBuildFile; fileRef = A2277ED314F80BCB00A6B70C /* XVimDeleteEvaluator.m */; };
		A28F423117EEDBC200A3F7AE /* XVimShiftEvaluator.m in Sources */ = {isa = PBXBuildFile; fileRef = A2277ED714F80BFE00A6B70C /* XVimShiftEvaluator.m */; };
		A28F423217EEDBC200A3F7AE /* XVimYankEvaluator.m in Sources */ = {isa = PBXBuildFile; fileRef = A2277EDA14F80D5000A6B70C /* XVimYankEvaluator.m */; };
		A28F423317EEDBC200A3F7AE /* XVimGMotionEvaluator.m in Sources */ = {isa = PBXBuildFile; fileRef = A28D42F414FE87AF004BC121 /* XVimGMotionEvaluator.m */; };
		A28F423417EEDBC200A3F7AE /* XVimInsertEvaluator.m in Sources */ = {isa = PBXBuildFile; fileRef = A28D42F714FE8E2A004BC121 /* XVimInsertEvaluator.m */; };
		A28F423517EEDBC200A3F7AE /* XVimMotionEvaluator.m in Sources */ = {isa = PBXBuildFile; fileRef = A2FF17D01502B291003FE648 /* XVimMotionEvaluator.m */; };
		A28F423617EEDBC200A3F7AE /* XVimZEvaluator.m in Sources */ = {isa = PBXBuildFile; fileRef = F1F2426C15041A9B00F706A4 /* XVimZEvaluator.m */; };
		A28F423717EEDBC200A3F7AE /* XVimEqualEvaluator.m in Sources */ = {isa = PBXBuildFile; fileRef = F1C1E514150475ED0005C1CB /* XVimEqualEvaluator.m */; };
		A28F423817EEDBC200A3F7AE /* XVimRegister.m in Sources */ = {isa = PBXBuildFile; fileRef = F17D013A150861DC00A8111B /* XVimRegister.m */; };
		A28F423917EEDBC200A3F7AE /* XVimRegisterEvaluator.m in Sources */ = {isa = PBXBuildFile; fileRef = F100DC2D150BB6BC002C703C /* XVimRegisterEvaluator.m */; };
		A28F423A17EEDBC200A3F7AE /* XVimOperatorEvaluator.m in Sources */ = {isa = PBXBuildFile; fileRef = A222B5E01514DFCD005E8802 /* XVimOperatorEvaluator.m */; };
		A28F423B17EEDBC200A3F7AE /* XVimKeyStroke.m in Sources */ = {isa = PBXBuildFile; fileRef = C38A5B2F1526C6B100E1448D /* XVimKeyStroke.m */; };
		A28F423C17EEDBC200A3F7AE /* DVTSourceTextViewHook.m in Sources */ = {isa = PBXBuildFile; fileRef = C38A5B4015272B0500E1448D /* DVTSourceTextViewHook.m */; };
		A28F423D17EEDBC200A3F7AE /* IDESourceCodeEditorHook.m in Sources */ = {isa = PBXBuildFile; fileRef = C38A5B4615272DCD00E1448D /* IDESourceCodeEditorHook.m */; };
		A28F423E17EEDBC200A3F7AE /* XVimNumericEvaluator.m in Sources */ = {isa = PBXBuildFile; fileRef = C38A5B4C1527CEA400E1448D /* XVimNumericEvaluator.m */; };
		A28F423F17EEDBC200A3F7AE /* XVimKeymap.m in Sources */ = {isa = PBXBuildFile; fileRef = C366C23A15287EE30008C58E /* XVimKeymap.m */; };
		A28F424017EEDBC200A3F7AE /* XVimExCommand.m in Sources */ = {isa = PBXBuildFile; fileRef = A2A736351527484B0051E8E4 /* XVimExCommand.m */; };
		A28F424117EEDBC200A3F7AE /* XVimSearch.m in Sources */ = {isa = PBXBuildFile; fileRef = A2A6BA2D152A544B00F0EB5F /* XVimSearch.m */; };
		A28F424217EEDBC200A3F7AE /* XVimOptions.m in Sources */ = {isa = PBXBuildFile; fileRef = A2BA3EA1152E372A00C18FB4 /* XVimOptions.m */; };
		A28F424317EEDBC200A3F7AE /* XVimTildeEvaluator.m in Sources */ = {isa = PBXBuildFile; fileRef = C3AA7225152F186A00C61D97 /* XVimTildeEvaluator.m */; };
		A28F424417EEDBC200A3F7AE /* XVimLowercaseEvaluator.m in Sources */ = {isa = PBXBuildFile; fileRef = C3AA7229152F1B1700C61D97 /* XVimLowercaseEvaluator.m */; };
		A28F424517EEDBC200A3F7AE /* XVimUppercaseEvaluator.m in Sources */ = {isa = PBXBuildFile; fileRef = C3AA722C152F1B2700C61D97 /* XVimUppercaseEvaluator.m */; };
		A28F424617EEDBC200A3F7AE /* XVimWindowEvaluator.m in Sources */ = {isa = PBXBuildFile; fileRef = F15805C61530B4000031175A /* XVimWindowEvaluator.m */; };
		A28F424717EEDBC200A3F7AE /* XVimTextObjectEvaluator.m in Sources */ = {isa = PBXBuildFile; fileRef = C36C104D153131C500CE1D62 /* XVimTextObjectEvaluator.m */; };
		A28F424817EEDBC200A3F7AE /* XVimWindow.m in Sources */ = {isa = PBXBuildFile; fileRef = C3FA1A1C1532648700059BF6 /* XVimWindow.m */; };
		A28F424917EEDBC200A3F7AE /* NSString+VimHelper.m in Sources */ = {isa = PBXBuildFile; fileRef = A2D48B1E15347B5C0088AB71 /* NSString+VimHelper.m */; };
		A28F424A17EEDBC200A3F7AE /* XVimGActionEvaluator.m in Sources */ = {isa = PBXBuildFile; fileRef = C361DE671538F18400037B4B /* XVimGActionEvaluator.m */; };
		A28F424B17EEDBC200A3F7AE /* XVimGVisualEvaluator.m in Sources */ = {isa = PBXBuildFile; fileRef = C324BE0015390E8500C13558 /* XVimGVisualEvaluator.m */; };
		A28F424C17EEDBC200A3F7AE /* XVimCommandLineEvaluator.m in Sources */ = {isa = PBXBuildFile; fileRef = C3552D9A153948D200D57577 /* XVimCommandLineEvaluator.m */; };
		A28F424D17EEDBC200A3F7AE /* XVimHistoryHandler.m in Sources */ = {isa = PBXBuildFile; fileRef = C3552DA7153AC6F800D57577 /* XVimHistoryHandler.m */; };
		A28F424E17EEDBC200A3F7AE /* XVimMarkSetEvaluator.m in Sources */ = {isa = PBXBuildFile; fileRef = C3E8F114154267BA007410ED /* XVimMarkSetEvaluator.m */; };
		A28F424F17EEDBC200A3F7AE /* XVimArgumentEvaluator.m in Sources */ = {isa = PBXBuildFile; fileRef = C3E8F11715427AE6007410ED /* XVimArgumentEvaluator.m */; };
		A28F425017EEDBC200A3F7AE /* IDEEditorAreaHook.m in Sources */ = {isa = PBXBuildFile; fileRef = A2ADAB821545C18F0093A908 /* IDEEditorAreaHook.m */; };
		A28F425117EEDBC200A3F7AE /* XVimStatusLine.m in Sources */ = {isa = PBXBuildFile; fileRef = A2ABFE1215497A3C002220E8 /* XVimStatusLine.m */; };
		A28F425217EEDBC200A3F7AE /* XVimHookManager.m in Sources */ = {isa = PBXBuildFile; fileRef = C345DDBA154CE12A009F232E /* XVimHookManager.m */; };
		A28F425317EEDBC200A3F7AE /* IDEEditorHook.m in Sources */ = {isa = PBXBuildFile; fileRef = A26ACC4D154F2D6700B27D69 /* IDEEditorHook.m */; };
		A28F425417EEDBC200A3F7AE /* NSInsetTextView.m in Sources */ = {isa = PBXBuildFile; fileRef = C30886591554C8380024161D /* NSInsetTextView.m */; };
		A28F425517EEDBC200A3F7AE /* IDEEditorArea+XVim.m in Sources */ = {isa = PBXBuildFile; fileRef = A216F3A0156560FE00AD2529 /* IDEEditorArea+XVim.m */; };
		A28F425617EEDBC200A3F7AE /* DVTSourceTextView+XVim.m in Sources */ = {isa = PBXBuildFile; fileRef = A257C28E156567250098CA09 /* DVTSourceTextView+XVim.m */; };
		A28F425717EEDBC200A3F7AE /* XVimTester.m in Sources */ = {isa = PBXBuildFile; fileRef = A26DC88515DF33C600779CB4 /* XVimTester.m */; };
		A28F425817EEDBC200A3F7AE /* NSEvent+VimHelper.m in Sources */ = {isa = PBXBuildFile; fileRef = BF050D7A15EBF3E100CD0D12 /* NSEvent+VimHelper.m */; };
		A28F425917EEDBC200A3F7AE /* XVimMotion.m in Sources */ = {isa = PBXBuildFile; fileRef = A23771581611CD4200FE5F8B /* XVimMotion.m */; };
		A28F425A17EEDBC200A3F7AE /* XVimDebug.m in Sources */ = {isa = PBXBuildFile; fileRef = A293A38716CE8A8000E1E827 /* XVimDebug.m */; };
		A28F425B17EEDBC200A3F7AE /* Utils.m in Sources */ = {isa = PBXBuildFile; fileRef = A2C1BB5216CEAC7F0066F420 /* Utils.m */; };
		A28F425C17EEDBC200A3F7AE /* XVimMark.m in Sources */ = {isa = PBXBuildFile; fileRef = A2126B7416FB30B0000BE21C /* XVimMark.m */; };
		A28F425D17EEDBC200A3F7AE /* XVimMarks.m in Sources */ = {isa = PBXBuildFile; fileRef = A2126B7716FB4806000BE21C /* XVimMarks.m */; };
		A28F425E17EEDBC200A3F7AE /* IDEWorkspaceWindowHook.m in Sources */ = {isa = PBXBuildFile; fileRef = A2702B0116FE537D005ADD76 /* IDEWorkspaceWindowHook.m */; };
		A28F425F17EEDBC200A3F7AE /* NSObject+ExtraData.m in Sources */ = {isa = PBXBuildFile; fileRef = A2702B0A16FEA313005ADD76 /* NSObject+ExtraData.m */; };
		A28F426017EEDBC200A3F7AE /* XVimUtil.m in Sources */ = {isa = PBXBuildFile; fileRef = A22A009F1708914D0003046C /* XVimUtil.m */; };
		A28F426117EEDBC200A3F7AE /* XVimTestCase.m in Sources */ = {isa = PBXBuildFile; fileRef = A22A00A21709CBE50003046C /* XVimTestCase.m */; };
		A28F426217EEDBC200A3F7AE /* XVimTester+TextObject.m in Sources */ = {isa = PBXBuildFile; fileRef = A25753FF172F5F0E003D8A97 /* XVimTester+TextObject.m */; };
		A28F426317EEDBC200A3F7AE /* XVimTester+Motion.m in Sources */ = {isa = PBXBuildFile; fileRef = A2575402172F652B003D8A97 /* XVimTester+Motion.m */; };
		A28F426417EEDBC200A3F7AE /* XVimTester+Operator.m in Sources */ = {isa = PBXBuildFile; fileRef = A2575405172F65E6003D8A97 /* XVimTester+Operator.m */; };
		A28F426517EEDBC200A3F7AE /* XVimTester+Mark.m in Sources */ = {isa = PBXBuildFile; fileRef = A2575408172F6698003D8A97 /* XVimTester+Mark.m */; };
		A28F426617EEDBC200A3F7AE /* XVimTester+Visual.m in Sources */ = {isa = PBXBuildFile; fileRef = A257540B1732A58E003D8A97 /* XVimTester+Visual.m */; };
		A28F426717EEDBC200A3F7AE /* XVimTester+map.m in Sources */ = {isa = PBXBuildFile; fileRef = A23E43171770E19B0066BF30 /* XVimTester+map.m */; };
		A28F426817EEDBC200A3F7AE /* XVimTester+Register.m in Sources */ = {isa = PBXBuildFile; fileRef = A250950C1787B3340090F857 /* XVimTester+Register.m */; };
		A28F426917EEDBC200A3F7AE /* XVimRecordingEvaluator.m in Sources */ = {isa = PBXBuildFile; fileRef = A2AFD7331790F2FF009B442B /* XVimRecordingEvaluator.m */; };
		A28F426A17EEDBC200A3F7AE /* XVimTester+Recording.m in Sources */ = {isa = PBXBuildFile; fileRef = A2AFD73617914ACE009B442B /* XVimTester+Recording.m */; };
		A28F426B17EEDBC200A3F7AE /* XVimTester+Issues.m in Sources */ = {isa = PBXBuildFile; fileRef = A2771E6A179EF520003B621E /* XVimTester+Issues.m */; };
		A28F426C17EEDBC200A3F7AE /* NSTextStorage+VimOperation.m in Sources */ = {isa = PBXBuildFile; fileRef = A26E5F6317A6BCAF0087C9B6 /* NSTextStorage+VimOperation.m */; };
		A28F426D17EEDBC200A3F7AE /* NSTextView+VimOperation.m in Sources */ = {isa = PBXBuildFile; fileRef = A2640CC817ACE651003D197D /* NSTextView+VimOperation.m */; };
		A28F426E17EEDBC200A3F7AE /* XVimTester+ExCmd.m in Sources */ = {isa = PBXBuildFile; fileRef = A24BE47417AD0D30001F797B /* XVimTester+ExCmd.m */; };
		A28F426F17EEDBC200A3F7AE /* XVimTester+Search.m in Sources */ = {isa = PBXBuildFile; fileRef = A28D895617BFF434002709D8 /* XVimTester+Search.m */; };
		A28F427017EEDBC200A3F7AE /* XVimJoinEvaluator.m in Sources */ = {isa = PBXBuildFile; fileRef = A23D002317DA0C7D007EBB21 /* XVimJoinEvaluator.m */; };
		A28F427217EEDBC200A3F7AE /* AppKit.framework in Frameworks */ = {isa = PBXBuildFile; fileRef = A2B4BABE14D59F6600D817B0 /* AppKit.framework */; };
		A28F427317EEDBC200A3F7AE /* Cocoa.framework in Frameworks */ = {isa = PBXBuildFile; fileRef = A2B4BABB14D59F6600D817B0 /* Cocoa.framework */; };
		A28F427717EEDBC200A3F7AE /* XVim.xcplugin in Copy Files */ = {isa = PBXBuildFile; fileRef = A234821814E7E26A003E0FF3 /* XVim.xcplugin */; };
		A293A38816CE8A8000E1E827 /* XVimDebug.m in Sources */ = {isa = PBXBuildFile; fileRef = A293A38716CE8A8000E1E827 /* XVimDebug.m */; };
		A2A6BA2E152A544C00F0EB5F /* XVimSearch.m in Sources */ = {isa = PBXBuildFile; fileRef = A2A6BA2D152A544B00F0EB5F /* XVimSearch.m */; };
		A2A736381527484B0051E8E4 /* XVimExCommand.m in Sources */ = {isa = PBXBuildFile; fileRef = A2A736351527484B0051E8E4 /* XVimExCommand.m */; };
		A2A8A50014E41C66002EA6C8 /* XVimCommandLine.m in Sources */ = {isa = PBXBuildFile; fileRef = A2A8A4FF14E41C66002EA6C8 /* XVimCommandLine.m */; };
		A2ABFE1315497A3C002220E8 /* XVimStatusLine.m in Sources */ = {isa = PBXBuildFile; fileRef = A2ABFE1215497A3C002220E8 /* XVimStatusLine.m */; };
		A2ADAB831545C18F0093A908 /* IDEEditorAreaHook.m in Sources */ = {isa = PBXBuildFile; fileRef = A2ADAB821545C18F0093A908 /* IDEEditorAreaHook.m */; };
		A2AFD7341790F300009B442B /* XVimRecordingEvaluator.m in Sources */ = {isa = PBXBuildFile; fileRef = A2AFD7331790F2FF009B442B /* XVimRecordingEvaluator.m */; };
		A2AFD73717914ACE009B442B /* XVimTester+Recording.m in Sources */ = {isa = PBXBuildFile; fileRef = A2AFD73617914ACE009B442B /* XVimTester+Recording.m */; };
		A2BA3EA2152E372A00C18FB4 /* XVimOptions.m in Sources */ = {isa = PBXBuildFile; fileRef = A2BA3EA1152E372A00C18FB4 /* XVimOptions.m */; };
		A2C1BB5316CEAC7F0066F420 /* Utils.m in Sources */ = {isa = PBXBuildFile; fileRef = A2C1BB5216CEAC7F0066F420 /* Utils.m */; };
		A2C4E79814E7F35300751199 /* Hooker.m in Sources */ = {isa = PBXBuildFile; fileRef = A2C4E79714E7F35300751199 /* Hooker.m */; };
		A2C4E79C14E7F36B00751199 /* XVimEvaluator.m in Sources */ = {isa = PBXBuildFile; fileRef = A2C4E79B14E7F36B00751199 /* XVimEvaluator.m */; };
		A2D48B1F15347B5C0088AB71 /* NSString+VimHelper.m in Sources */ = {isa = PBXBuildFile; fileRef = A2D48B1E15347B5C0088AB71 /* NSString+VimHelper.m */; };
		A2E7E45717F03113008F045A /* Cocoa.framework in Frameworks */ = {isa = PBXBuildFile; fileRef = A2B4BABB14D59F6600D817B0 /* Cocoa.framework */; };
		A2E7E45917F037EF008F045A /* IDEKit.framework in Frameworks */ = {isa = PBXBuildFile; fileRef = A2E7E45817F037EF008F045A /* IDEKit.framework */; };
		A2E7E45B17F037F4008F045A /* IDEFoundation.framework in Frameworks */ = {isa = PBXBuildFile; fileRef = A2E7E45A17F037F4008F045A /* IDEFoundation.framework */; };
		A2E7E45D17F037FF008F045A /* DVTKit.framework in Frameworks */ = {isa = PBXBuildFile; fileRef = A2E7E45C17F037FF008F045A /* DVTKit.framework */; };
		A2E7E45F17F03802008F045A /* DVTFoundation.framework in Frameworks */ = {isa = PBXBuildFile; fileRef = A2E7E45E17F03802008F045A /* DVTFoundation.framework */; };
		A2E7E46117F0380F008F045A /* IDESourceEditor.ideplugin in Frameworks */ = {isa = PBXBuildFile; fileRef = A2E7E46017F0380F008F045A /* IDESourceEditor.ideplugin */; };
		A2E7E46217F03828008F045A /* IDESourceEditor.ideplugin in Frameworks */ = {isa = PBXBuildFile; fileRef = A2E7E46017F0380F008F045A /* IDESourceEditor.ideplugin */; };
		A2E7E46317F0382E008F045A /* IDEFoundation.framework in Frameworks */ = {isa = PBXBuildFile; fileRef = A2E7E45A17F037F4008F045A /* IDEFoundation.framework */; };
		A2E7E46417F0382E008F045A /* IDEKit.framework in Frameworks */ = {isa = PBXBuildFile; fileRef = A2E7E45817F037EF008F045A /* IDEKit.framework */; };
		A2E7E46517F03835008F045A /* DVTFoundation.framework in Frameworks */ = {isa = PBXBuildFile; fileRef = A2E7E45E17F03802008F045A /* DVTFoundation.framework */; };
		A2E7E46617F03835008F045A /* DVTKit.framework in Frameworks */ = {isa = PBXBuildFile; fileRef = A2E7E45C17F037FF008F045A /* DVTKit.framework */; };
		A2F4A33E14F00B25006DA5A5 /* XVimNormalEvaluator.m in Sources */ = {isa = PBXBuildFile; fileRef = A2F4A33D14F00B25006DA5A5 /* XVimNormalEvaluator.m */; };
		A2F4A34314F00BD3006DA5A5 /* XVimVisualEvaluator.m in Sources */ = {isa = PBXBuildFile; fileRef = A2F4A34214F00BD3006DA5A5 /* XVimVisualEvaluator.m */; };
		A2FF17D11502B292003FE648 /* XVimMotionEvaluator.m in Sources */ = {isa = PBXBuildFile; fileRef = A2FF17D01502B291003FE648 /* XVimMotionEvaluator.m */; };
		BF07A94215EBF404006E6984 /* NSEvent+VimHelper.m in Sources */ = {isa = PBXBuildFile; fileRef = BF050D7A15EBF3E100CD0D12 /* NSEvent+VimHelper.m */; };
		C308865A1554C8380024161D /* NSInsetTextView.m in Sources */ = {isa = PBXBuildFile; fileRef = C30886591554C8380024161D /* NSInsetTextView.m */; };
		C324BE0115390E8500C13558 /* XVimGVisualEvaluator.m in Sources */ = {isa = PBXBuildFile; fileRef = C324BE0015390E8500C13558 /* XVimGVisualEvaluator.m */; };
		C345DDBB154CE12A009F232E /* XVimHookManager.m in Sources */ = {isa = PBXBuildFile; fileRef = C345DDBA154CE12A009F232E /* XVimHookManager.m */; };
		C3552D9B153948D200D57577 /* XVimCommandLineEvaluator.m in Sources */ = {isa = PBXBuildFile; fileRef = C3552D9A153948D200D57577 /* XVimCommandLineEvaluator.m */; };
		C3552DA8153AC6F800D57577 /* XVimHistoryHandler.m in Sources */ = {isa = PBXBuildFile; fileRef = C3552DA7153AC6F800D57577 /* XVimHistoryHandler.m */; };
		C361DE681538F18400037B4B /* XVimGActionEvaluator.m in Sources */ = {isa = PBXBuildFile; fileRef = C361DE671538F18400037B4B /* XVimGActionEvaluator.m */; };
		C366C23B15287EE30008C58E /* XVimKeymap.m in Sources */ = {isa = PBXBuildFile; fileRef = C366C23A15287EE30008C58E /* XVimKeymap.m */; };
		C36C104E153131C600CE1D62 /* XVimTextObjectEvaluator.m in Sources */ = {isa = PBXBuildFile; fileRef = C36C104D153131C500CE1D62 /* XVimTextObjectEvaluator.m */; };
		C38A5B301526C6B100E1448D /* XVimKeyStroke.m in Sources */ = {isa = PBXBuildFile; fileRef = C38A5B2F1526C6B100E1448D /* XVimKeyStroke.m */; };
		C38A5B4115272B0500E1448D /* DVTSourceTextViewHook.m in Sources */ = {isa = PBXBuildFile; fileRef = C38A5B4015272B0500E1448D /* DVTSourceTextViewHook.m */; };
		C38A5B4715272DCD00E1448D /* IDESourceCodeEditorHook.m in Sources */ = {isa = PBXBuildFile; fileRef = C38A5B4615272DCD00E1448D /* IDESourceCodeEditorHook.m */; };
		C38A5B4D1527CEA500E1448D /* XVimNumericEvaluator.m in Sources */ = {isa = PBXBuildFile; fileRef = C38A5B4C1527CEA400E1448D /* XVimNumericEvaluator.m */; };
		C3AA7226152F186A00C61D97 /* XVimTildeEvaluator.m in Sources */ = {isa = PBXBuildFile; fileRef = C3AA7225152F186A00C61D97 /* XVimTildeEvaluator.m */; };
		C3AA722A152F1B1800C61D97 /* XVimLowercaseEvaluator.m in Sources */ = {isa = PBXBuildFile; fileRef = C3AA7229152F1B1700C61D97 /* XVimLowercaseEvaluator.m */; };
		C3AA722D152F1B2800C61D97 /* XVimUppercaseEvaluator.m in Sources */ = {isa = PBXBuildFile; fileRef = C3AA722C152F1B2700C61D97 /* XVimUppercaseEvaluator.m */; };
		C3E8F115154267BA007410ED /* XVimMarkSetEvaluator.m in Sources */ = {isa = PBXBuildFile; fileRef = C3E8F114154267BA007410ED /* XVimMarkSetEvaluator.m */; };
		C3E8F11815427AE6007410ED /* XVimArgumentEvaluator.m in Sources */ = {isa = PBXBuildFile; fileRef = C3E8F11715427AE6007410ED /* XVimArgumentEvaluator.m */; };
		C3FA1A1D1532648700059BF6 /* XVimWindow.m in Sources */ = {isa = PBXBuildFile; fileRef = C3FA1A1C1532648700059BF6 /* XVimWindow.m */; };
		F100DC2E150BB6BC002C703C /* XVimRegisterEvaluator.m in Sources */ = {isa = PBXBuildFile; fileRef = F100DC2D150BB6BC002C703C /* XVimRegisterEvaluator.m */; };
		F15805C71530B4000031175A /* XVimWindowEvaluator.m in Sources */ = {isa = PBXBuildFile; fileRef = F15805C61530B4000031175A /* XVimWindowEvaluator.m */; };
		F17D013B150861DC00A8111B /* XVimRegister.m in Sources */ = {isa = PBXBuildFile; fileRef = F17D013A150861DC00A8111B /* XVimRegister.m */; };
		F1C1E515150475ED0005C1CB /* XVimEqualEvaluator.m in Sources */ = {isa = PBXBuildFile; fileRef = F1C1E514150475ED0005C1CB /* XVimEqualEvaluator.m */; };
		F1F2426D15041A9B00F706A4 /* XVimZEvaluator.m in Sources */ = {isa = PBXBuildFile; fileRef = F1F2426C15041A9B00F706A4 /* XVimZEvaluator.m */; };
/* End PBXBuildFile section */

/* Begin PBXCopyFilesBuildPhase section */
		A245BFB0150123AD00F048B1 /* Copy Files */ = {
			isa = PBXCopyFilesBuildPhase;
			buildActionMask = 12;
			dstPath = "~/Library/Application Support/Developer/Shared/Xcode/Plug-ins";
			dstSubfolderSpec = 0;
			files = (
				A24CC36017F03CA00028876E /* XVim.xcplugin in Copy Files */,
			);
			name = "Copy Files";
			runOnlyForDeploymentPostprocessing = 0;
		};
		A28F427617EEDBC200A3F7AE /* Copy Files */ = {
			isa = PBXCopyFilesBuildPhase;
			buildActionMask = 12;
			dstPath = "~/Library/Application Support/Developer/Shared/Xcode/Plug-ins";
			dstSubfolderSpec = 0;
			files = (
				A28F427717EEDBC200A3F7AE /* XVim.xcplugin in Copy Files */,
			);
			name = "Copy Files";
			runOnlyForDeploymentPostprocessing = 0;
		};
/* End PBXCopyFilesBuildPhase section */

/* Begin PBXFileReference section */
		A2126B7316FB30B0000BE21C /* XVimMark.h */ = {isa = PBXFileReference; fileEncoding = 4; lastKnownFileType = sourcecode.c.h; name = XVimMark.h; path = XVim/XVimMark.h; sourceTree = SOURCE_ROOT; };
		A2126B7416FB30B0000BE21C /* XVimMark.m */ = {isa = PBXFileReference; fileEncoding = 4; lastKnownFileType = sourcecode.c.objc; name = XVimMark.m; path = XVim/XVimMark.m; sourceTree = SOURCE_ROOT; };
		A2126B7616FB4806000BE21C /* XVimMarks.h */ = {isa = PBXFileReference; fileEncoding = 4; lastKnownFileType = sourcecode.c.h; name = XVimMarks.h; path = XVim/XVimMarks.h; sourceTree = SOURCE_ROOT; };
		A2126B7716FB4806000BE21C /* XVimMarks.m */ = {isa = PBXFileReference; fileEncoding = 4; lastKnownFileType = sourcecode.c.objc; name = XVimMarks.m; path = XVim/XVimMarks.m; sourceTree = SOURCE_ROOT; };
		A2165BFC17A3762C00AB18FD /* XVimDefs.h */ = {isa = PBXFileReference; lastKnownFileType = sourcecode.c.h; name = XVimDefs.h; path = XVim/XVimDefs.h; sourceTree = SOURCE_ROOT; };
		A216F39F156560FE00AD2529 /* IDEEditorArea+XVim.h */ = {isa = PBXFileReference; fileEncoding = 4; lastKnownFileType = sourcecode.c.h; name = "IDEEditorArea+XVim.h"; path = "XVim/IDEEditorArea+XVim.h"; sourceTree = SOURCE_ROOT; };
		A216F3A0156560FE00AD2529 /* IDEEditorArea+XVim.m */ = {isa = PBXFileReference; fileEncoding = 4; lastKnownFileType = sourcecode.c.objc; name = "IDEEditorArea+XVim.m"; path = "XVim/IDEEditorArea+XVim.m"; sourceTree = SOURCE_ROOT; };
		A222B5DF1514DFCD005E8802 /* XVimOperatorEvaluator.h */ = {isa = PBXFileReference; fileEncoding = 4; lastKnownFileType = sourcecode.c.h; name = XVimOperatorEvaluator.h; path = XVim/XVimOperatorEvaluator.h; sourceTree = SOURCE_ROOT; };
		A222B5E01514DFCD005E8802 /* XVimOperatorEvaluator.m */ = {isa = PBXFileReference; fileEncoding = 4; lastKnownFileType = sourcecode.c.objc; name = XVimOperatorEvaluator.m; path = XVim/XVimOperatorEvaluator.m; sourceTree = SOURCE_ROOT; };
		A223956316653ACD00CD26AE /* DevNotes.txt */ = {isa = PBXFileReference; fileEncoding = 4; lastKnownFileType = text; path = DevNotes.txt; sourceTree = "<group>"; };
		A223956416653ACD00CD26AE /* index.html */ = {isa = PBXFileReference; fileEncoding = 4; lastKnownFileType = text.html; path = index.html; sourceTree = "<group>"; };
		A223956516653ACD00CD26AE /* MenuActionList.txt */ = {isa = PBXFileReference; fileEncoding = 4; lastKnownFileType = text; path = MenuActionList.txt; sourceTree = "<group>"; };
		A223956616653ACD00CD26AE /* ViewTreeSample.txt */ = {isa = PBXFileReference; fileEncoding = 4; lastKnownFileType = text; path = ViewTreeSample.txt; sourceTree = "<group>"; };
		A223956716653ACD00CD26AE /* XCodeClasses.html */ = {isa = PBXFileReference; fileEncoding = 4; lastKnownFileType = text.html; path = XCodeClasses.html; sourceTree = "<group>"; };
		A223956816653ACD00CD26AE /* XVim.key */ = {isa = PBXFileReference; lastKnownFileType = file; path = XVim.key; sourceTree = "<group>"; };
		A223956916653ACD00CD26AE /* XVim.pdf */ = {isa = PBXFileReference; lastKnownFileType = image.pdf; path = XVim.pdf; sourceTree = "<group>"; };
		A223956B16653ACD00CD26AE /* FeatureList.md */ = {isa = PBXFileReference; fileEncoding = 4; lastKnownFileType = text; path = FeatureList.md; sourceTree = "<group>"; };
		A2277ED214F80BCB00A6B70C /* XVimDeleteEvaluator.h */ = {isa = PBXFileReference; fileEncoding = 4; lastKnownFileType = sourcecode.c.h; name = XVimDeleteEvaluator.h; path = XVim/XVimDeleteEvaluator.h; sourceTree = SOURCE_ROOT; };
		A2277ED314F80BCB00A6B70C /* XVimDeleteEvaluator.m */ = {isa = PBXFileReference; fileEncoding = 4; lastKnownFileType = sourcecode.c.objc; name = XVimDeleteEvaluator.m; path = XVim/XVimDeleteEvaluator.m; sourceTree = SOURCE_ROOT; };
		A2277ED614F80BFE00A6B70C /* XVimShiftEvaluator.h */ = {isa = PBXFileReference; fileEncoding = 4; lastKnownFileType = sourcecode.c.h; name = XVimShiftEvaluator.h; path = XVim/XVimShiftEvaluator.h; sourceTree = SOURCE_ROOT; };
		A2277ED714F80BFE00A6B70C /* XVimShiftEvaluator.m */ = {isa = PBXFileReference; fileEncoding = 4; lastKnownFileType = sourcecode.c.objc; name = XVimShiftEvaluator.m; path = XVim/XVimShiftEvaluator.m; sourceTree = SOURCE_ROOT; };
		A2277ED914F80D5000A6B70C /* XVimYankEvaluator.h */ = {isa = PBXFileReference; fileEncoding = 4; lastKnownFileType = sourcecode.c.h; name = XVimYankEvaluator.h; path = XVim/XVimYankEvaluator.h; sourceTree = SOURCE_ROOT; };
		A2277EDA14F80D5000A6B70C /* XVimYankEvaluator.m */ = {isa = PBXFileReference; fileEncoding = 4; lastKnownFileType = sourcecode.c.objc; name = XVimYankEvaluator.m; path = XVim/XVimYankEvaluator.m; sourceTree = SOURCE_ROOT; };
		A22A009E1708914D0003046C /* XVimUtil.h */ = {isa = PBXFileReference; fileEncoding = 4; lastKnownFileType = sourcecode.c.h; name = XVimUtil.h; path = XVim/XVimUtil.h; sourceTree = SOURCE_ROOT; };
		A22A009F1708914D0003046C /* XVimUtil.m */ = {isa = PBXFileReference; fileEncoding = 4; lastKnownFileType = sourcecode.c.objc; name = XVimUtil.m; path = XVim/XVimUtil.m; sourceTree = SOURCE_ROOT; };
		A22A00A11709CBE50003046C /* XVimTestCase.h */ = {isa = PBXFileReference; fileEncoding = 4; lastKnownFileType = sourcecode.c.h; name = XVimTestCase.h; path = XVim/Test/XVimTestCase.h; sourceTree = SOURCE_ROOT; };
		A22A00A21709CBE50003046C /* XVimTestCase.m */ = {isa = PBXFileReference; fileEncoding = 4; lastKnownFileType = sourcecode.c.objc; name = XVimTestCase.m; path = XVim/Test/XVimTestCase.m; sourceTree = SOURCE_ROOT; };
		A234821814E7E26A003E0FF3 /* XVim.xcplugin */ = {isa = PBXFileReference; explicitFileType = wrapper.cfbundle; includeInIndex = 0; path = XVim.xcplugin; sourceTree = BUILT_PRODUCTS_DIR; };
		A23771571611CD4200FE5F8B /* XVimMotion.h */ = {isa = PBXFileReference; fileEncoding = 4; lastKnownFileType = sourcecode.c.h; name = XVimMotion.h; path = XVim/XVimMotion.h; sourceTree = SOURCE_ROOT; };
		A23771581611CD4200FE5F8B /* XVimMotion.m */ = {isa = PBXFileReference; fileEncoding = 4; lastKnownFileType = sourcecode.c.objc; name = XVimMotion.m; path = XVim/XVimMotion.m; sourceTree = SOURCE_ROOT; };
		A23D002217DA0C7D007EBB21 /* XVimJoinEvaluator.h */ = {isa = PBXFileReference; fileEncoding = 4; lastKnownFileType = sourcecode.c.h; name = XVimJoinEvaluator.h; path = XVim/XVimJoinEvaluator.h; sourceTree = SOURCE_ROOT; };
		A23D002317DA0C7D007EBB21 /* XVimJoinEvaluator.m */ = {isa = PBXFileReference; fileEncoding = 4; lastKnownFileType = sourcecode.c.objc; name = XVimJoinEvaluator.m; path = XVim/XVimJoinEvaluator.m; sourceTree = SOURCE_ROOT; };
		A23E43171770E19B0066BF30 /* XVimTester+map.m */ = {isa = PBXFileReference; fileEncoding = 4; lastKnownFileType = sourcecode.c.objc; name = "XVimTester+map.m"; path = "XVim/Test/XVimTester+map.m"; sourceTree = SOURCE_ROOT; };
		A24782B014D6F56E003B6433 /* Info.plist */ = {isa = PBXFileReference; fileEncoding = 4; lastKnownFileType = text.plist.xml; name = Info.plist; path = XVim/Info.plist; sourceTree = SOURCE_ROOT; };
		A24782B214D6F56E003B6433 /* Logger.h */ = {isa = PBXFileReference; fileEncoding = 4; lastKnownFileType = sourcecode.c.h; name = Logger.h; path = XVim/Logger.h; sourceTree = SOURCE_ROOT; };
		A24782B314D6F56E003B6433 /* Logger.m */ = {isa = PBXFileReference; fileEncoding = 4; lastKnownFileType = sourcecode.c.objc; name = Logger.m; path = XVim/Logger.m; sourceTree = SOURCE_ROOT; };
		A24782B614D6F56E003B6433 /* XVim-Prefix.pch */ = {isa = PBXFileReference; fileEncoding = 4; lastKnownFileType = sourcecode.c.h; name = "XVim-Prefix.pch"; path = "XVim/XVim-Prefix.pch"; sourceTree = SOURCE_ROOT; };
		A24782B714D6F56E003B6433 /* XVim.h */ = {isa = PBXFileReference; fileEncoding = 4; lastKnownFileType = sourcecode.c.h; lineEnding = 0; name = XVim.h; path = XVim/XVim.h; sourceTree = SOURCE_ROOT; xcLanguageSpecificationIdentifier = xcode.lang.objcpp; };
		A24782B814D6F56E003B6433 /* XVim.m */ = {isa = PBXFileReference; fileEncoding = 4; lastKnownFileType = sourcecode.c.objc; name = XVim.m; path = XVim/XVim.m; sourceTree = SOURCE_ROOT; };
		A24782B914D6F56E003B6433 /* XVimCommandField.h */ = {isa = PBXFileReference; fileEncoding = 4; lastKnownFileType = sourcecode.c.h; name = XVimCommandField.h; path = XVim/XVimCommandField.h; sourceTree = SOURCE_ROOT; };
		A24782BA14D6F56E003B6433 /* XVimCommandField.m */ = {isa = PBXFileReference; fileEncoding = 4; lastKnownFileType = sourcecode.c.objc; name = XVimCommandField.m; path = XVim/XVimCommandField.m; sourceTree = SOURCE_ROOT; };
		A24782C514D6F6DC003B6433 /* en */ = {isa = PBXFileReference; lastKnownFileType = text.plist.strings; name = en; path = XVim/en.lproj/InfoPlist.strings; sourceTree = SOURCE_ROOT; };
		A24BE47417AD0D30001F797B /* XVimTester+ExCmd.m */ = {isa = PBXFileReference; fileEncoding = 4; lastKnownFileType = sourcecode.c.objc; name = "XVimTester+ExCmd.m"; path = "XVim/Test/XVimTester+ExCmd.m"; sourceTree = SOURCE_ROOT; };
		A250950C1787B3340090F857 /* XVimTester+Register.m */ = {isa = PBXFileReference; fileEncoding = 4; lastKnownFileType = sourcecode.c.objc; name = "XVimTester+Register.m"; path = "XVim/Test/XVimTester+Register.m"; sourceTree = SOURCE_ROOT; };
		A25753FF172F5F0E003D8A97 /* XVimTester+TextObject.m */ = {isa = PBXFileReference; fileEncoding = 4; lastKnownFileType = sourcecode.c.objc; name = "XVimTester+TextObject.m"; path = "XVim/Test/XVimTester+TextObject.m"; sourceTree = SOURCE_ROOT; };
		A2575402172F652B003D8A97 /* XVimTester+Motion.m */ = {isa = PBXFileReference; fileEncoding = 4; lastKnownFileType = sourcecode.c.objc; name = "XVimTester+Motion.m"; path = "XVim/Test/XVimTester+Motion.m"; sourceTree = SOURCE_ROOT; };
		A2575405172F65E6003D8A97 /* XVimTester+Operator.m */ = {isa = PBXFileReference; fileEncoding = 4; lastKnownFileType = sourcecode.c.objc; name = "XVimTester+Operator.m"; path = "XVim/Test/XVimTester+Operator.m"; sourceTree = SOURCE_ROOT; };
		A2575408172F6698003D8A97 /* XVimTester+Mark.m */ = {isa = PBXFileReference; fileEncoding = 4; lastKnownFileType = sourcecode.c.objc; name = "XVimTester+Mark.m"; path = "XVim/Test/XVimTester+Mark.m"; sourceTree = SOURCE_ROOT; };
		A257540B1732A58E003D8A97 /* XVimTester+Visual.m */ = {isa = PBXFileReference; fileEncoding = 4; lastKnownFileType = sourcecode.c.objc; name = "XVimTester+Visual.m"; path = "XVim/Test/XVimTester+Visual.m"; sourceTree = SOURCE_ROOT; };
		A257C28D156567250098CA09 /* DVTSourceTextView+XVim.h */ = {isa = PBXFileReference; fileEncoding = 4; lastKnownFileType = sourcecode.c.h; name = "DVTSourceTextView+XVim.h"; path = "XVim/DVTSourceTextView+XVim.h"; sourceTree = SOURCE_ROOT; };
		A257C28E156567250098CA09 /* DVTSourceTextView+XVim.m */ = {isa = PBXFileReference; fileEncoding = 4; lastKnownFileType = sourcecode.c.objc; name = "DVTSourceTextView+XVim.m"; path = "XVim/DVTSourceTextView+XVim.m"; sourceTree = SOURCE_ROOT; };
		A2640CC717ACE651003D197D /* NSTextView+VimOperation.h */ = {isa = PBXFileReference; fileEncoding = 4; lastKnownFileType = sourcecode.c.h; name = "NSTextView+VimOperation.h"; path = "XVim/NSTextView+VimOperation.h"; sourceTree = SOURCE_ROOT; };
		A2640CC817ACE651003D197D /* NSTextView+VimOperation.m */ = {isa = PBXFileReference; fileEncoding = 4; lastKnownFileType = sourcecode.c.objc; name = "NSTextView+VimOperation.m"; path = "XVim/NSTextView+VimOperation.m"; sourceTree = SOURCE_ROOT; };
		A26ACC4C154F2D6600B27D69 /* IDEEditorHook.h */ = {isa = PBXFileReference; fileEncoding = 4; lastKnownFileType = sourcecode.c.h; name = IDEEditorHook.h; path = XVim/IDEEditorHook.h; sourceTree = SOURCE_ROOT; };
		A26ACC4D154F2D6700B27D69 /* IDEEditorHook.m */ = {isa = PBXFileReference; fileEncoding = 4; lastKnownFileType = sourcecode.c.objc; name = IDEEditorHook.m; path = XVim/IDEEditorHook.m; sourceTree = SOURCE_ROOT; };
		A26DC88415DF33C600779CB4 /* XVimTester.h */ = {isa = PBXFileReference; fileEncoding = 4; lastKnownFileType = sourcecode.c.h; name = XVimTester.h; path = XVim/XVimTester.h; sourceTree = SOURCE_ROOT; };
		A26DC88515DF33C600779CB4 /* XVimTester.m */ = {isa = PBXFileReference; fileEncoding = 4; lastKnownFileType = sourcecode.c.objc; name = XVimTester.m; path = XVim/XVimTester.m; sourceTree = SOURCE_ROOT; };
		A26E5F6217A6BCAF0087C9B6 /* NSTextStorage+VimOperation.h */ = {isa = PBXFileReference; fileEncoding = 4; lastKnownFileType = sourcecode.c.h; name = "NSTextStorage+VimOperation.h"; path = "XVim/NSTextStorage+VimOperation.h"; sourceTree = SOURCE_ROOT; };
		A26E5F6317A6BCAF0087C9B6 /* NSTextStorage+VimOperation.m */ = {isa = PBXFileReference; fileEncoding = 4; lastKnownFileType = sourcecode.c.objc; name = "NSTextStorage+VimOperation.m"; path = "XVim/NSTextStorage+VimOperation.m"; sourceTree = SOURCE_ROOT; };
		A2702B0016FE537D005ADD76 /* IDEWorkspaceWindowHook.h */ = {isa = PBXFileReference; fileEncoding = 4; lastKnownFileType = sourcecode.c.h; name = IDEWorkspaceWindowHook.h; path = XVim/IDEWorkspaceWindowHook.h; sourceTree = SOURCE_ROOT; };
		A2702B0116FE537D005ADD76 /* IDEWorkspaceWindowHook.m */ = {isa = PBXFileReference; fileEncoding = 4; lastKnownFileType = sourcecode.c.objc; name = IDEWorkspaceWindowHook.m; path = XVim/IDEWorkspaceWindowHook.m; sourceTree = SOURCE_ROOT; };
		A2702B0916FEA313005ADD76 /* NSObject+ExtraData.h */ = {isa = PBXFileReference; fileEncoding = 4; lastKnownFileType = sourcecode.c.h; name = "NSObject+ExtraData.h"; path = "XVim/NSObject+ExtraData.h"; sourceTree = "<group>"; };
		A2702B0A16FEA313005ADD76 /* NSObject+ExtraData.m */ = {isa = PBXFileReference; fileEncoding = 4; lastKnownFileType = sourcecode.c.objc; name = "NSObject+ExtraData.m"; path = "XVim/NSObject+ExtraData.m"; sourceTree = "<group>"; };
		A2771E6A179EF520003B621E /* XVimTester+Issues.m */ = {isa = PBXFileReference; fileEncoding = 4; lastKnownFileType = sourcecode.c.objc; name = "XVimTester+Issues.m"; path = "XVim/Test/XVimTester+Issues.m"; sourceTree = SOURCE_ROOT; };
		A28D42F314FE87AF004BC121 /* XVimGMotionEvaluator.h */ = {isa = PBXFileReference; fileEncoding = 4; lastKnownFileType = sourcecode.c.h; name = XVimGMotionEvaluator.h; path = XVim/XVimGMotionEvaluator.h; sourceTree = SOURCE_ROOT; };
		A28D42F414FE87AF004BC121 /* XVimGMotionEvaluator.m */ = {isa = PBXFileReference; fileEncoding = 4; lastKnownFileType = sourcecode.c.objc; name = XVimGMotionEvaluator.m; path = XVim/XVimGMotionEvaluator.m; sourceTree = SOURCE_ROOT; };
		A28D42F614FE8E2A004BC121 /* XVimInsertEvaluator.h */ = {isa = PBXFileReference; fileEncoding = 4; lastKnownFileType = sourcecode.c.h; name = XVimInsertEvaluator.h; path = XVim/XVimInsertEvaluator.h; sourceTree = SOURCE_ROOT; };
		A28D42F714FE8E2A004BC121 /* XVimInsertEvaluator.m */ = {isa = PBXFileReference; fileEncoding = 4; lastKnownFileType = sourcecode.c.objc; name = XVimInsertEvaluator.m; path = XVim/XVimInsertEvaluator.m; sourceTree = SOURCE_ROOT; };
		A28D895617BFF434002709D8 /* XVimTester+Search.m */ = {isa = PBXFileReference; fileEncoding = 4; lastKnownFileType = sourcecode.c.objc; name = "XVimTester+Search.m"; path = "XVim/Test/XVimTester+Search.m"; sourceTree = SOURCE_ROOT; };
		A293A38616CE8A8000E1E827 /* XVimDebug.h */ = {isa = PBXFileReference; fileEncoding = 4; lastKnownFileType = sourcecode.c.h; name = XVimDebug.h; path = XVim/XVimDebug.h; sourceTree = SOURCE_ROOT; };
		A293A38716CE8A8000E1E827 /* XVimDebug.m */ = {isa = PBXFileReference; fileEncoding = 4; lastKnownFileType = sourcecode.c.objc; name = XVimDebug.m; path = XVim/XVimDebug.m; sourceTree = SOURCE_ROOT; };
		A2A193FF1608E40000809FBE /* XVimTextViewProtocol.h */ = {isa = PBXFileReference; lastKnownFileType = sourcecode.c.h; name = XVimTextViewProtocol.h; path = XVim/XVimTextViewProtocol.h; sourceTree = SOURCE_ROOT; };
		A2A6BA2C152A544B00F0EB5F /* XVimSearch.h */ = {isa = PBXFileReference; fileEncoding = 4; lastKnownFileType = sourcecode.c.h; name = XVimSearch.h; path = XVim/XVimSearch.h; sourceTree = SOURCE_ROOT; };
		A2A6BA2D152A544B00F0EB5F /* XVimSearch.m */ = {isa = PBXFileReference; fileEncoding = 4; lastKnownFileType = sourcecode.c.objc; name = XVimSearch.m; path = XVim/XVimSearch.m; sourceTree = SOURCE_ROOT; };
		A2A736341527484B0051E8E4 /* XVimExCommand.h */ = {isa = PBXFileReference; fileEncoding = 4; lastKnownFileType = sourcecode.c.h; name = XVimExCommand.h; path = XVim/XVimExCommand.h; sourceTree = SOURCE_ROOT; };
		A2A736351527484B0051E8E4 /* XVimExCommand.m */ = {isa = PBXFileReference; fileEncoding = 4; lastKnownFileType = sourcecode.c.objc; name = XVimExCommand.m; path = XVim/XVimExCommand.m; sourceTree = SOURCE_ROOT; };
		A2A8A4FE14E41C66002EA6C8 /* XVimCommandLine.h */ = {isa = PBXFileReference; fileEncoding = 4; lastKnownFileType = sourcecode.c.h; name = XVimCommandLine.h; path = XVim/XVimCommandLine.h; sourceTree = SOURCE_ROOT; };
		A2A8A4FF14E41C66002EA6C8 /* XVimCommandLine.m */ = {isa = PBXFileReference; fileEncoding = 4; lastKnownFileType = sourcecode.c.objc; name = XVimCommandLine.m; path = XVim/XVimCommandLine.m; sourceTree = SOURCE_ROOT; };
		A2ABFE1115497A3C002220E8 /* XVimStatusLine.h */ = {isa = PBXFileReference; fileEncoding = 4; lastKnownFileType = sourcecode.c.h; name = XVimStatusLine.h; path = XVim/XVimStatusLine.h; sourceTree = SOURCE_ROOT; };
		A2ABFE1215497A3C002220E8 /* XVimStatusLine.m */ = {isa = PBXFileReference; fileEncoding = 4; lastKnownFileType = sourcecode.c.objc; name = XVimStatusLine.m; path = XVim/XVimStatusLine.m; sourceTree = SOURCE_ROOT; };
		A2ADAB811545C18F0093A908 /* IDEEditorAreaHook.h */ = {isa = PBXFileReference; fileEncoding = 4; lastKnownFileType = sourcecode.c.h; name = IDEEditorAreaHook.h; path = XVim/IDEEditorAreaHook.h; sourceTree = SOURCE_ROOT; };
		A2ADAB821545C18F0093A908 /* IDEEditorAreaHook.m */ = {isa = PBXFileReference; fileEncoding = 4; lastKnownFileType = sourcecode.c.objc; name = IDEEditorAreaHook.m; path = XVim/IDEEditorAreaHook.m; sourceTree = SOURCE_ROOT; };
		A2AFD7321790F2FD009B442B /* XVimRecordingEvaluator.h */ = {isa = PBXFileReference; fileEncoding = 4; lastKnownFileType = sourcecode.c.h; name = XVimRecordingEvaluator.h; path = XVim/XVimRecordingEvaluator.h; sourceTree = SOURCE_ROOT; };
		A2AFD7331790F2FF009B442B /* XVimRecordingEvaluator.m */ = {isa = PBXFileReference; fileEncoding = 4; lastKnownFileType = sourcecode.c.objc; name = XVimRecordingEvaluator.m; path = XVim/XVimRecordingEvaluator.m; sourceTree = SOURCE_ROOT; };
		A2AFD73617914ACE009B442B /* XVimTester+Recording.m */ = {isa = PBXFileReference; fileEncoding = 4; lastKnownFileType = sourcecode.c.objc; name = "XVimTester+Recording.m"; path = "XVim/XVimTester+Recording.m"; sourceTree = SOURCE_ROOT; };
		A2B4BABB14D59F6600D817B0 /* Cocoa.framework */ = {isa = PBXFileReference; lastKnownFileType = wrapper.framework; name = Cocoa.framework; path = System/Library/Frameworks/Cocoa.framework; sourceTree = SDKROOT; };
		A2B4BABE14D59F6600D817B0 /* AppKit.framework */ = {isa = PBXFileReference; lastKnownFileType = wrapper.framework; name = AppKit.framework; path = System/Library/Frameworks/AppKit.framework; sourceTree = SDKROOT; };
		A2B4BABF14D59F6600D817B0 /* CoreData.framework */ = {isa = PBXFileReference; lastKnownFileType = wrapper.framework; name = CoreData.framework; path = System/Library/Frameworks/CoreData.framework; sourceTree = SDKROOT; };
		A2B4BAC014D59F6600D817B0 /* Foundation.framework */ = {isa = PBXFileReference; lastKnownFileType = wrapper.framework; name = Foundation.framework; path = System/Library/Frameworks/Foundation.framework; sourceTree = SDKROOT; };
		A2BA3EA0152E372900C18FB4 /* XVimOptions.h */ = {isa = PBXFileReference; fileEncoding = 4; lastKnownFileType = sourcecode.c.h; name = XVimOptions.h; path = XVim/XVimOptions.h; sourceTree = SOURCE_ROOT; };
		A2BA3EA1152E372A00C18FB4 /* XVimOptions.m */ = {isa = PBXFileReference; fileEncoding = 4; lastKnownFileType = sourcecode.c.objc; name = XVimOptions.m; path = XVim/XVimOptions.m; sourceTree = SOURCE_ROOT; };
		A2C1BB5116CEAC7F0066F420 /* Utils.h */ = {isa = PBXFileReference; fileEncoding = 4; lastKnownFileType = sourcecode.c.h; name = Utils.h; path = XVim/Utils.h; sourceTree = "<group>"; };
		A2C1BB5216CEAC7F0066F420 /* Utils.m */ = {isa = PBXFileReference; fileEncoding = 4; lastKnownFileType = sourcecode.c.objc; name = Utils.m; path = XVim/Utils.m; sourceTree = "<group>"; };
		A2C4E79614E7F35300751199 /* Hooker.h */ = {isa = PBXFileReference; fileEncoding = 4; lastKnownFileType = sourcecode.c.h; name = Hooker.h; path = XVim/Hooker.h; sourceTree = "<group>"; };
		A2C4E79714E7F35300751199 /* Hooker.m */ = {isa = PBXFileReference; fileEncoding = 4; lastKnownFileType = sourcecode.c.objc; name = Hooker.m; path = XVim/Hooker.m; sourceTree = "<group>"; };
		A2C4E79A14E7F36B00751199 /* XVimEvaluator.h */ = {isa = PBXFileReference; fileEncoding = 4; lastKnownFileType = sourcecode.c.h; name = XVimEvaluator.h; path = XVim/XVimEvaluator.h; sourceTree = SOURCE_ROOT; };
		A2C4E79B14E7F36B00751199 /* XVimEvaluator.m */ = {isa = PBXFileReference; fileEncoding = 4; lastKnownFileType = sourcecode.c.objc; lineEnding = 0; name = XVimEvaluator.m; path = XVim/XVimEvaluator.m; sourceTree = SOURCE_ROOT; xcLanguageSpecificationIdentifier = xcode.lang.objc; };
		A2C55FC917EE9F49000EBEA7 /* DVTFoundation.h */ = {isa = PBXFileReference; fileEncoding = 4; lastKnownFileType = sourcecode.c.h; name = DVTFoundation.h; path = XcodeClasses/Xcode4/DVTFoundation.h; sourceTree = SOURCE_ROOT; };
		A2C55FCA17EE9F49000EBEA7 /* DVTKit.h */ = {isa = PBXFileReference; fileEncoding = 4; lastKnownFileType = sourcecode.c.h; name = DVTKit.h; path = XcodeClasses/Xcode4/DVTKit.h; sourceTree = SOURCE_ROOT; };
		A2C55FCB17EE9F49000EBEA7 /* IDEFoundation.h */ = {isa = PBXFileReference; fileEncoding = 4; lastKnownFileType = sourcecode.c.h; name = IDEFoundation.h; path = XcodeClasses/Xcode4/IDEFoundation.h; sourceTree = SOURCE_ROOT; };
		A2C55FCC17EE9F49000EBEA7 /* IDEKit.h */ = {isa = PBXFileReference; fileEncoding = 4; lastKnownFileType = sourcecode.c.h; name = IDEKit.h; path = XcodeClasses/Xcode4/IDEKit.h; sourceTree = SOURCE_ROOT; };
		A2C55FCD17EE9F49000EBEA7 /* IDESourceEditor.h */ = {isa = PBXFileReference; fileEncoding = 4; lastKnownFileType = sourcecode.c.h; name = IDESourceEditor.h; path = XcodeClasses/Xcode4/IDESourceEditor.h; sourceTree = SOURCE_ROOT; };
		A2D48B1D15347B5C0088AB71 /* NSString+VimHelper.h */ = {isa = PBXFileReference; fileEncoding = 4; lastKnownFileType = sourcecode.c.h; name = "NSString+VimHelper.h"; path = "XVim/NSString+VimHelper.h"; sourceTree = SOURCE_ROOT; };
		A2D48B1E15347B5C0088AB71 /* NSString+VimHelper.m */ = {isa = PBXFileReference; fileEncoding = 4; lastKnownFileType = sourcecode.c.objc; name = "NSString+VimHelper.m"; path = "XVim/NSString+VimHelper.m"; sourceTree = SOURCE_ROOT; };
		A2D5ADFF17A0172F00430761 /* UserDefaultsList.txt */ = {isa = PBXFileReference; fileEncoding = 4; lastKnownFileType = text; path = UserDefaultsList.txt; sourceTree = "<group>"; };
		A2E7E45217EF0219008F045A /* XVim.xcplugin */ = {isa = PBXFileReference; explicitFileType = wrapper.cfbundle; includeInIndex = 0; path = XVim.xcplugin; sourceTree = BUILT_PRODUCTS_DIR; };
		A2E7E45517EFF677008F045A /* Info_Xcode5.plist */ = {isa = PBXFileReference; fileEncoding = 4; lastKnownFileType = text.plist.xml; name = Info_Xcode5.plist; path = XVim/Info_Xcode5.plist; sourceTree = SOURCE_ROOT; };
		A2E7E45817F037EF008F045A /* IDEKit.framework */ = {isa = PBXFileReference; lastKnownFileType = wrapper.framework; name = IDEKit.framework; path = "../../../../Applications/Xcode 2.app/Contents/Frameworks/IDEKit.framework"; sourceTree = "<group>"; };
		A2E7E45A17F037F4008F045A /* IDEFoundation.framework */ = {isa = PBXFileReference; lastKnownFileType = wrapper.framework; name = IDEFoundation.framework; path = "../../../../Applications/Xcode 2.app/Contents/Frameworks/IDEFoundation.framework"; sourceTree = "<group>"; };
		A2E7E45C17F037FF008F045A /* DVTKit.framework */ = {isa = PBXFileReference; lastKnownFileType = wrapper.framework; name = DVTKit.framework; path = "../../../../Applications/Xcode 2.app/Contents/SharedFrameworks/DVTKit.framework"; sourceTree = "<group>"; };
		A2E7E45E17F03802008F045A /* DVTFoundation.framework */ = {isa = PBXFileReference; lastKnownFileType = wrapper.framework; name = DVTFoundation.framework; path = "../../../../Applications/Xcode 2.app/Contents/SharedFrameworks/DVTFoundation.framework"; sourceTree = "<group>"; };
		A2E7E46017F0380F008F045A /* IDESourceEditor.ideplugin */ = {isa = PBXFileReference; lastKnownFileType = wrapper; name = IDESourceEditor.ideplugin; path = "../../../../Applications/Xcode 2.app/Contents/PlugIns/IDESourceEditor.ideplugin"; sourceTree = "<group>"; };
		A2F4A33C14F00B25006DA5A5 /* XVimNormalEvaluator.h */ = {isa = PBXFileReference; fileEncoding = 4; lastKnownFileType = sourcecode.c.h; name = XVimNormalEvaluator.h; path = XVim/XVimNormalEvaluator.h; sourceTree = SOURCE_ROOT; };
		A2F4A33D14F00B25006DA5A5 /* XVimNormalEvaluator.m */ = {isa = PBXFileReference; fileEncoding = 4; lastKnownFileType = sourcecode.c.objc; lineEnding = 0; name = XVimNormalEvaluator.m; path = XVim/XVimNormalEvaluator.m; sourceTree = SOURCE_ROOT; xcLanguageSpecificationIdentifier = xcode.lang.objc; };
		A2F4A34114F00BD3006DA5A5 /* XVimVisualEvaluator.h */ = {isa = PBXFileReference; fileEncoding = 4; lastKnownFileType = sourcecode.c.h; name = XVimVisualEvaluator.h; path = XVim/XVimVisualEvaluator.h; sourceTree = SOURCE_ROOT; };
		A2F4A34214F00BD3006DA5A5 /* XVimVisualEvaluator.m */ = {isa = PBXFileReference; fileEncoding = 4; lastKnownFileType = sourcecode.c.objc; name = XVimVisualEvaluator.m; path = XVim/XVimVisualEvaluator.m; sourceTree = SOURCE_ROOT; };
		A2FF17CF1502B291003FE648 /* XVimMotionEvaluator.h */ = {isa = PBXFileReference; fileEncoding = 4; lastKnownFileType = sourcecode.c.h; name = XVimMotionEvaluator.h; path = XVim/XVimMotionEvaluator.h; sourceTree = SOURCE_ROOT; };
		A2FF17D01502B291003FE648 /* XVimMotionEvaluator.m */ = {isa = PBXFileReference; fileEncoding = 4; lastKnownFileType = sourcecode.c.objc; name = XVimMotionEvaluator.m; path = XVim/XVimMotionEvaluator.m; sourceTree = SOURCE_ROOT; };
		BF050D7915EBF3E100CD0D12 /* NSEvent+VimHelper.h */ = {isa = PBXFileReference; lastKnownFileType = sourcecode.c.h; name = "NSEvent+VimHelper.h"; path = "XVim/NSEvent+VimHelper.h"; sourceTree = SOURCE_ROOT; };
		BF050D7A15EBF3E100CD0D12 /* NSEvent+VimHelper.m */ = {isa = PBXFileReference; lastKnownFileType = sourcecode.c.objc; name = "NSEvent+VimHelper.m"; path = "XVim/NSEvent+VimHelper.m"; sourceTree = SOURCE_ROOT; };
		C30886581554C8380024161D /* NSInsetTextView.h */ = {isa = PBXFileReference; fileEncoding = 4; lastKnownFileType = sourcecode.c.h; name = NSInsetTextView.h; path = XVim/NSInsetTextView.h; sourceTree = SOURCE_ROOT; };
		C30886591554C8380024161D /* NSInsetTextView.m */ = {isa = PBXFileReference; fileEncoding = 4; lastKnownFileType = sourcecode.c.objc; name = NSInsetTextView.m; path = XVim/NSInsetTextView.m; sourceTree = SOURCE_ROOT; };
		C324BDFF15390E8500C13558 /* XVimGVisualEvaluator.h */ = {isa = PBXFileReference; fileEncoding = 4; lastKnownFileType = sourcecode.c.h; name = XVimGVisualEvaluator.h; path = XVim/XVimGVisualEvaluator.h; sourceTree = SOURCE_ROOT; };
		C324BE0015390E8500C13558 /* XVimGVisualEvaluator.m */ = {isa = PBXFileReference; fileEncoding = 4; lastKnownFileType = sourcecode.c.objc; name = XVimGVisualEvaluator.m; path = XVim/XVimGVisualEvaluator.m; sourceTree = SOURCE_ROOT; };
		C32CE8621532F0E5002BCE2B /* XVimKeymapProvider.h */ = {isa = PBXFileReference; lastKnownFileType = sourcecode.c.h; name = XVimKeymapProvider.h; path = XVim/XVimKeymapProvider.h; sourceTree = SOURCE_ROOT; };
		C345DDB9154CE12A009F232E /* XVimHookManager.h */ = {isa = PBXFileReference; fileEncoding = 4; lastKnownFileType = sourcecode.c.h; name = XVimHookManager.h; path = XVim/XVimHookManager.h; sourceTree = SOURCE_ROOT; };
		C345DDBA154CE12A009F232E /* XVimHookManager.m */ = {isa = PBXFileReference; fileEncoding = 4; lastKnownFileType = sourcecode.c.objc; name = XVimHookManager.m; path = XVim/XVimHookManager.m; sourceTree = SOURCE_ROOT; };
		C3552D99153948D200D57577 /* XVimCommandLineEvaluator.h */ = {isa = PBXFileReference; fileEncoding = 4; lastKnownFileType = sourcecode.c.h; name = XVimCommandLineEvaluator.h; path = XVim/XVimCommandLineEvaluator.h; sourceTree = SOURCE_ROOT; };
		C3552D9A153948D200D57577 /* XVimCommandLineEvaluator.m */ = {isa = PBXFileReference; fileEncoding = 4; lastKnownFileType = sourcecode.c.objc; name = XVimCommandLineEvaluator.m; path = XVim/XVimCommandLineEvaluator.m; sourceTree = SOURCE_ROOT; };
		C3552DA6153AC6F800D57577 /* XVimHistoryHandler.h */ = {isa = PBXFileReference; fileEncoding = 4; lastKnownFileType = sourcecode.c.h; name = XVimHistoryHandler.h; path = XVim/XVimHistoryHandler.h; sourceTree = SOURCE_ROOT; };
		C3552DA7153AC6F800D57577 /* XVimHistoryHandler.m */ = {isa = PBXFileReference; fileEncoding = 4; lastKnownFileType = sourcecode.c.objc; name = XVimHistoryHandler.m; path = XVim/XVimHistoryHandler.m; sourceTree = SOURCE_ROOT; };
		C361DE661538F18400037B4B /* XVimGActionEvaluator.h */ = {isa = PBXFileReference; fileEncoding = 4; lastKnownFileType = sourcecode.c.h; name = XVimGActionEvaluator.h; path = XVim/XVimGActionEvaluator.h; sourceTree = SOURCE_ROOT; };
		C361DE671538F18400037B4B /* XVimGActionEvaluator.m */ = {isa = PBXFileReference; fileEncoding = 4; lastKnownFileType = sourcecode.c.objc; name = XVimGActionEvaluator.m; path = XVim/XVimGActionEvaluator.m; sourceTree = SOURCE_ROOT; };
		C36266CB153455C9000C79D8 /* XVimMotionOption.h */ = {isa = PBXFileReference; lastKnownFileType = sourcecode.c.h; name = XVimMotionOption.h; path = XVim/XVimMotionOption.h; sourceTree = SOURCE_ROOT; };
		C366C23915287EE30008C58E /* XVimKeymap.h */ = {isa = PBXFileReference; fileEncoding = 4; lastKnownFileType = sourcecode.c.h; name = XVimKeymap.h; path = XVim/XVimKeymap.h; sourceTree = SOURCE_ROOT; };
		C366C23A15287EE30008C58E /* XVimKeymap.m */ = {isa = PBXFileReference; fileEncoding = 4; lastKnownFileType = sourcecode.c.objc; name = XVimKeymap.m; path = XVim/XVimKeymap.m; sourceTree = SOURCE_ROOT; };
		C36C1045153104EC00CE1D62 /* XVimMotionType.h */ = {isa = PBXFileReference; lastKnownFileType = sourcecode.c.h; name = XVimMotionType.h; path = XVim/XVimMotionType.h; sourceTree = SOURCE_ROOT; };
		C36C104C153131C500CE1D62 /* XVimTextObjectEvaluator.h */ = {isa = PBXFileReference; fileEncoding = 4; lastKnownFileType = sourcecode.c.h; name = XVimTextObjectEvaluator.h; path = XVim/XVimTextObjectEvaluator.h; sourceTree = SOURCE_ROOT; };
		C36C104D153131C500CE1D62 /* XVimTextObjectEvaluator.m */ = {isa = PBXFileReference; fileEncoding = 4; lastKnownFileType = sourcecode.c.objc; name = XVimTextObjectEvaluator.m; path = XVim/XVimTextObjectEvaluator.m; sourceTree = SOURCE_ROOT; };
		C38A5B2E1526C6B100E1448D /* XVimKeyStroke.h */ = {isa = PBXFileReference; fileEncoding = 4; lastKnownFileType = sourcecode.c.h; name = XVimKeyStroke.h; path = XVim/XVimKeyStroke.h; sourceTree = SOURCE_ROOT; };
		C38A5B2F1526C6B100E1448D /* XVimKeyStroke.m */ = {isa = PBXFileReference; fileEncoding = 4; lastKnownFileType = sourcecode.c.objc; name = XVimKeyStroke.m; path = XVim/XVimKeyStroke.m; sourceTree = SOURCE_ROOT; };
		C38A5B3F15272B0500E1448D /* DVTSourceTextViewHook.h */ = {isa = PBXFileReference; fileEncoding = 4; lastKnownFileType = sourcecode.c.h; name = DVTSourceTextViewHook.h; path = XVim/DVTSourceTextViewHook.h; sourceTree = SOURCE_ROOT; };
		C38A5B4015272B0500E1448D /* DVTSourceTextViewHook.m */ = {isa = PBXFileReference; fileEncoding = 4; lastKnownFileType = sourcecode.c.objc; name = DVTSourceTextViewHook.m; path = XVim/DVTSourceTextViewHook.m; sourceTree = SOURCE_ROOT; };
		C38A5B4515272DCC00E1448D /* IDESourceCodeEditorHook.h */ = {isa = PBXFileReference; fileEncoding = 4; lastKnownFileType = sourcecode.c.h; name = IDESourceCodeEditorHook.h; path = XVim/IDESourceCodeEditorHook.h; sourceTree = SOURCE_ROOT; };
		C38A5B4615272DCD00E1448D /* IDESourceCodeEditorHook.m */ = {isa = PBXFileReference; fileEncoding = 4; lastKnownFileType = sourcecode.c.objc; name = IDESourceCodeEditorHook.m; path = XVim/IDESourceCodeEditorHook.m; sourceTree = SOURCE_ROOT; };
		C38A5B4B1527CEA400E1448D /* XVimNumericEvaluator.h */ = {isa = PBXFileReference; fileEncoding = 4; lastKnownFileType = sourcecode.c.h; name = XVimNumericEvaluator.h; path = XVim/XVimNumericEvaluator.h; sourceTree = SOURCE_ROOT; };
		C38A5B4C1527CEA400E1448D /* XVimNumericEvaluator.m */ = {isa = PBXFileReference; fileEncoding = 4; lastKnownFileType = sourcecode.c.objc; name = XVimNumericEvaluator.m; path = XVim/XVimNumericEvaluator.m; sourceTree = SOURCE_ROOT; };
		C3AA7224152F186A00C61D97 /* XVimTildeEvaluator.h */ = {isa = PBXFileReference; fileEncoding = 4; lastKnownFileType = sourcecode.c.h; name = XVimTildeEvaluator.h; path = XVim/XVimTildeEvaluator.h; sourceTree = SOURCE_ROOT; };
		C3AA7225152F186A00C61D97 /* XVimTildeEvaluator.m */ = {isa = PBXFileReference; fileEncoding = 4; lastKnownFileType = sourcecode.c.objc; name = XVimTildeEvaluator.m; path = XVim/XVimTildeEvaluator.m; sourceTree = SOURCE_ROOT; };
		C3AA7228152F1B1700C61D97 /* XVimLowercaseEvaluator.h */ = {isa = PBXFileReference; fileEncoding = 4; lastKnownFileType = sourcecode.c.h; name = XVimLowercaseEvaluator.h; path = XVim/XVimLowercaseEvaluator.h; sourceTree = SOURCE_ROOT; };
		C3AA7229152F1B1700C61D97 /* XVimLowercaseEvaluator.m */ = {isa = PBXFileReference; fileEncoding = 4; lastKnownFileType = sourcecode.c.objc; name = XVimLowercaseEvaluator.m; path = XVim/XVimLowercaseEvaluator.m; sourceTree = SOURCE_ROOT; };
		C3AA722B152F1B2700C61D97 /* XVimUppercaseEvaluator.h */ = {isa = PBXFileReference; fileEncoding = 4; lastKnownFileType = sourcecode.c.h; name = XVimUppercaseEvaluator.h; path = XVim/XVimUppercaseEvaluator.h; sourceTree = SOURCE_ROOT; };
		C3AA722C152F1B2700C61D97 /* XVimUppercaseEvaluator.m */ = {isa = PBXFileReference; fileEncoding = 4; lastKnownFileType = sourcecode.c.objc; name = XVimUppercaseEvaluator.m; path = XVim/XVimUppercaseEvaluator.m; sourceTree = SOURCE_ROOT; };
		C3E8F113154267BA007410ED /* XVimMarkSetEvaluator.h */ = {isa = PBXFileReference; fileEncoding = 4; lastKnownFileType = sourcecode.c.h; name = XVimMarkSetEvaluator.h; path = XVim/XVimMarkSetEvaluator.h; sourceTree = SOURCE_ROOT; };
		C3E8F114154267BA007410ED /* XVimMarkSetEvaluator.m */ = {isa = PBXFileReference; fileEncoding = 4; lastKnownFileType = sourcecode.c.objc; name = XVimMarkSetEvaluator.m; path = XVim/XVimMarkSetEvaluator.m; sourceTree = SOURCE_ROOT; };
		C3E8F11615427AE6007410ED /* XVimArgumentEvaluator.h */ = {isa = PBXFileReference; fileEncoding = 4; lastKnownFileType = sourcecode.c.h; name = XVimArgumentEvaluator.h; path = XVim/XVimArgumentEvaluator.h; sourceTree = SOURCE_ROOT; };
		C3E8F11715427AE6007410ED /* XVimArgumentEvaluator.m */ = {isa = PBXFileReference; fileEncoding = 4; lastKnownFileType = sourcecode.c.objc; name = XVimArgumentEvaluator.m; path = XVim/XVimArgumentEvaluator.m; sourceTree = SOURCE_ROOT; };
		C3FA1A1B1532648700059BF6 /* XVimWindow.h */ = {isa = PBXFileReference; fileEncoding = 4; lastKnownFileType = sourcecode.c.h; name = XVimWindow.h; path = XVim/XVimWindow.h; sourceTree = SOURCE_ROOT; };
		C3FA1A1C1532648700059BF6 /* XVimWindow.m */ = {isa = PBXFileReference; fileEncoding = 4; lastKnownFileType = sourcecode.c.objc; name = XVimWindow.m; path = XVim/XVimWindow.m; sourceTree = SOURCE_ROOT; };
		F100DC2C150BB6BC002C703C /* XVimRegisterEvaluator.h */ = {isa = PBXFileReference; fileEncoding = 4; lastKnownFileType = sourcecode.c.h; name = XVimRegisterEvaluator.h; path = XVim/XVimRegisterEvaluator.h; sourceTree = SOURCE_ROOT; };
		F100DC2D150BB6BC002C703C /* XVimRegisterEvaluator.m */ = {isa = PBXFileReference; fileEncoding = 4; lastKnownFileType = sourcecode.c.objc; name = XVimRegisterEvaluator.m; path = XVim/XVimRegisterEvaluator.m; sourceTree = SOURCE_ROOT; };
		F15805C51530B4000031175A /* XVimWindowEvaluator.h */ = {isa = PBXFileReference; fileEncoding = 4; lastKnownFileType = sourcecode.c.h; name = XVimWindowEvaluator.h; path = XVim/XVimWindowEvaluator.h; sourceTree = SOURCE_ROOT; };
		F15805C61530B4000031175A /* XVimWindowEvaluator.m */ = {isa = PBXFileReference; fileEncoding = 4; lastKnownFileType = sourcecode.c.objc; name = XVimWindowEvaluator.m; path = XVim/XVimWindowEvaluator.m; sourceTree = SOURCE_ROOT; };
		F17D0139150861DC00A8111B /* XVimRegister.h */ = {isa = PBXFileReference; fileEncoding = 4; lastKnownFileType = sourcecode.c.h; name = XVimRegister.h; path = XVim/XVimRegister.h; sourceTree = SOURCE_ROOT; };
		F17D013A150861DC00A8111B /* XVimRegister.m */ = {isa = PBXFileReference; fileEncoding = 4; lastKnownFileType = sourcecode.c.objc; name = XVimRegister.m; path = XVim/XVimRegister.m; sourceTree = SOURCE_ROOT; };
		F1C1E513150475ED0005C1CB /* XVimEqualEvaluator.h */ = {isa = PBXFileReference; fileEncoding = 4; lastKnownFileType = sourcecode.c.h; name = XVimEqualEvaluator.h; path = XVim/XVimEqualEvaluator.h; sourceTree = SOURCE_ROOT; };
		F1C1E514150475ED0005C1CB /* XVimEqualEvaluator.m */ = {isa = PBXFileReference; fileEncoding = 4; lastKnownFileType = sourcecode.c.objc; name = XVimEqualEvaluator.m; path = XVim/XVimEqualEvaluator.m; sourceTree = SOURCE_ROOT; };
		F1F2426B15041A9B00F706A4 /* XVimZEvaluator.h */ = {isa = PBXFileReference; fileEncoding = 4; lastKnownFileType = sourcecode.c.h; name = XVimZEvaluator.h; path = XVim/XVimZEvaluator.h; sourceTree = SOURCE_ROOT; };
		F1F2426C15041A9B00F706A4 /* XVimZEvaluator.m */ = {isa = PBXFileReference; fileEncoding = 4; lastKnownFileType = sourcecode.c.objc; name = XVimZEvaluator.m; path = XVim/XVimZEvaluator.m; sourceTree = SOURCE_ROOT; };
/* End PBXFileReference section */

/* Begin PBXFrameworksBuildPhase section */
		A28F427117EEDBC200A3F7AE /* Frameworks */ = {
			isa = PBXFrameworksBuildPhase;
			buildActionMask = 2147483647;
			files = (
				A28F427217EEDBC200A3F7AE /* AppKit.framework in Frameworks */,
				A28F427317EEDBC200A3F7AE /* Cocoa.framework in Frameworks */,
				A2E7E46117F0380F008F045A /* IDESourceEditor.ideplugin in Frameworks */,
				A2E7E45D17F037FF008F045A /* DVTKit.framework in Frameworks */,
				A2E7E45F17F03802008F045A /* DVTFoundation.framework in Frameworks */,
				A2E7E45917F037EF008F045A /* IDEKit.framework in Frameworks */,
				A2E7E45B17F037F4008F045A /* IDEFoundation.framework in Frameworks */,
			);
			runOnlyForDeploymentPostprocessing = 0;
		};
		A2B4BAB514D59F6600D817B0 /* Frameworks */ = {
			isa = PBXFrameworksBuildPhase;
			buildActionMask = 2147483647;
			files = (
				A2E7E45717F03113008F045A /* Cocoa.framework in Frameworks */,
				A2420B3E14DDE59B008741DA /* AppKit.framework in Frameworks */,
				A2E7E46517F03835008F045A /* DVTFoundation.framework in Frameworks */,
				A2E7E46617F03835008F045A /* DVTKit.framework in Frameworks */,
				A2E7E46317F0382E008F045A /* IDEFoundation.framework in Frameworks */,
				A2E7E46417F0382E008F045A /* IDEKit.framework in Frameworks */,
				A2E7E46217F03828008F045A /* IDESourceEditor.ideplugin in Frameworks */,
			);
			runOnlyForDeploymentPostprocessing = 0;
		};
/* End PBXFrameworksBuildPhase section */

/* Begin PBXGroup section */
		A222B5E31514DFD5005E8802 /* Operators */ = {
			isa = PBXGroup;
			children = (
				A222B5DF1514DFCD005E8802 /* XVimOperatorEvaluator.h */,
				A222B5E01514DFCD005E8802 /* XVimOperatorEvaluator.m */,
				A2277ED614F80BFE00A6B70C /* XVimShiftEvaluator.h */,
				A2277ED714F80BFE00A6B70C /* XVimShiftEvaluator.m */,
				F1C1E513150475ED0005C1CB /* XVimEqualEvaluator.h */,
				F1C1E514150475ED0005C1CB /* XVimEqualEvaluator.m */,
				A2277ED914F80D5000A6B70C /* XVimYankEvaluator.h */,
				A2277EDA14F80D5000A6B70C /* XVimYankEvaluator.m */,
				A2277ED214F80BCB00A6B70C /* XVimDeleteEvaluator.h */,
				A2277ED314F80BCB00A6B70C /* XVimDeleteEvaluator.m */,
				C3AA7224152F186A00C61D97 /* XVimTildeEvaluator.h */,
				C3AA7225152F186A00C61D97 /* XVimTildeEvaluator.m */,
				C3AA7228152F1B1700C61D97 /* XVimLowercaseEvaluator.h */,
				C3AA7229152F1B1700C61D97 /* XVimLowercaseEvaluator.m */,
				C3AA722B152F1B2700C61D97 /* XVimUppercaseEvaluator.h */,
				C3AA722C152F1B2700C61D97 /* XVimUppercaseEvaluator.m */,
				C36C104C153131C500CE1D62 /* XVimTextObjectEvaluator.h */,
				C36C104D153131C500CE1D62 /* XVimTextObjectEvaluator.m */,
				A23D002217DA0C7D007EBB21 /* XVimJoinEvaluator.h */,
				A23D002317DA0C7D007EBB21 /* XVimJoinEvaluator.m */,
			);
			name = Operators;
			sourceTree = "<group>";
		};
		A223956116653ACD00CD26AE /* Documents */ = {
			isa = PBXGroup;
			children = (
				A223956216653ACD00CD26AE /* Developers */,
				A223956A16653ACD00CD26AE /* Users */,
			);
			path = Documents;
			sourceTree = "<group>";
		};
		A223956216653ACD00CD26AE /* Developers */ = {
			isa = PBXGroup;
			children = (
				A223956316653ACD00CD26AE /* DevNotes.txt */,
				A223956416653ACD00CD26AE /* index.html */,
				A223956516653ACD00CD26AE /* MenuActionList.txt */,
				A223956616653ACD00CD26AE /* ViewTreeSample.txt */,
				A223956716653ACD00CD26AE /* XCodeClasses.html */,
				A223956816653ACD00CD26AE /* XVim.key */,
				A223956916653ACD00CD26AE /* XVim.pdf */,
				A2D5ADFF17A0172F00430761 /* UserDefaultsList.txt */,
			);
			path = Developers;
			sourceTree = "<group>";
		};
		A223956A16653ACD00CD26AE /* Users */ = {
			isa = PBXGroup;
			children = (
				A223956B16653ACD00CD26AE /* FeatureList.md */,
			);
			path = Users;
			sourceTree = "<group>";
		};
		A26DC88315DF339A00779CB4 /* Testing */ = {
			isa = PBXGroup;
			children = (
				A26DC88415DF33C600779CB4 /* XVimTester.h */,
				A26DC88515DF33C600779CB4 /* XVimTester.m */,
				A22A00A11709CBE50003046C /* XVimTestCase.h */,
				A22A00A21709CBE50003046C /* XVimTestCase.m */,
				A25753FF172F5F0E003D8A97 /* XVimTester+TextObject.m */,
				A2575402172F652B003D8A97 /* XVimTester+Motion.m */,
				A2575405172F65E6003D8A97 /* XVimTester+Operator.m */,
				A2575408172F6698003D8A97 /* XVimTester+Mark.m */,
				A257540B1732A58E003D8A97 /* XVimTester+Visual.m */,
				A23E43171770E19B0066BF30 /* XVimTester+map.m */,
				A250950C1787B3340090F857 /* XVimTester+Register.m */,
				A2AFD73617914ACE009B442B /* XVimTester+Recording.m */,
				A2771E6A179EF520003B621E /* XVimTester+Issues.m */,
				A24BE47417AD0D30001F797B /* XVimTester+ExCmd.m */,
				A28D895617BFF434002709D8 /* XVimTester+Search.m */,
			);
			name = Testing;
			sourceTree = "<group>";
		};
		A2B4BAAD14D59F6600D817B0 = {
			isa = PBXGroup;
			children = (
				A223956116653ACD00CD26AE /* Documents */,
				A2C4E78F14E7EA0B00751199 /* Support */,
				A2F41B0F14D70BD000A0314F /* Debug */,
				A2B4BAC114D59F6600D817B0 /* XVim */,
				A2B4BABA14D59F6600D817B0 /* Frameworks */,
				A234821814E7E26A003E0FF3 /* XVim.xcplugin */,
				A2E7E45217EF0219008F045A /* XVim.xcplugin */,
			);
			sourceTree = "<group>";
		};
		A2B4BABA14D59F6600D817B0 /* Frameworks */ = {
			isa = PBXGroup;
			children = (
				A2E7E46017F0380F008F045A /* IDESourceEditor.ideplugin */,
				A2E7E45E17F03802008F045A /* DVTFoundation.framework */,
				A2E7E45C17F037FF008F045A /* DVTKit.framework */,
				A2E7E45A17F037F4008F045A /* IDEFoundation.framework */,
				A2E7E45817F037EF008F045A /* IDEKit.framework */,
				A2B4BABD14D59F6600D817B0 /* Other Frameworks */,
			);
			name = Frameworks;
			sourceTree = "<group>";
		};
		A2B4BABD14D59F6600D817B0 /* Other Frameworks */ = {
			isa = PBXGroup;
			children = (
				A2B4BABB14D59F6600D817B0 /* Cocoa.framework */,
				A2B4BABE14D59F6600D817B0 /* AppKit.framework */,
				A2B4BABF14D59F6600D817B0 /* CoreData.framework */,
				A2B4BAC014D59F6600D817B0 /* Foundation.framework */,
			);
			name = "Other Frameworks";
			sourceTree = "<group>";
		};
		A2B4BAC114D59F6600D817B0 /* XVim */ = {
			isa = PBXGroup;
			children = (
				A2165BFC17A3762C00AB18FD /* XVimDefs.h */,
				A24782B714D6F56E003B6433 /* XVim.h */,
				A24782B814D6F56E003B6433 /* XVim.m */,
				A22A009E1708914D0003046C /* XVimUtil.h */,
				A22A009F1708914D0003046C /* XVimUtil.m */,
				C345DDB8154CCF79009F232E /* Event Dispatchers */,
				A2F4A34014F00B35006DA5A5 /* Event Handlers(Evaluators) */,
				C345DDB7154CCF1F009F232E /* Xcode Dependent Classes */,
				C345DDB4154CCE5E009F232E /* XCode Independent Classes */,
				A26DC88315DF339A00779CB4 /* Testing */,
				C38A5B481527C9EE00E1448D /* Xcode Class Definitions */,
				A2B4BAC214D59F6600D817B0 /* Supporting Files */,
				A2A193FF1608E40000809FBE /* XVimTextViewProtocol.h */,
			);
			name = XVim;
			path = XVim_lite2;
			sourceTree = "<group>";
		};
		A2B4BAC214D59F6600D817B0 /* Supporting Files */ = {
			isa = PBXGroup;
			children = (
				A2E7E45517EFF677008F045A /* Info_Xcode5.plist */,
				A24782B014D6F56E003B6433 /* Info.plist */,
				A24782B614D6F56E003B6433 /* XVim-Prefix.pch */,
				A24782C414D6F6DC003B6433 /* InfoPlist.strings */,
			);
			name = "Supporting Files";
			sourceTree = "<group>";
		};
		A2C4E78F14E7EA0B00751199 /* Support */ = {
			isa = PBXGroup;
			children = (
				A2C4E79614E7F35300751199 /* Hooker.h */,
				A2C4E79714E7F35300751199 /* Hooker.m */,
				A2C1BB5116CEAC7F0066F420 /* Utils.h */,
				A2C1BB5216CEAC7F0066F420 /* Utils.m */,
				A2702B0916FEA313005ADD76 /* NSObject+ExtraData.h */,
				A2702B0A16FEA313005ADD76 /* NSObject+ExtraData.m */,
			);
			name = Support;
			sourceTree = "<group>";
		};
		A2C55FC817EE9F29000EBEA7 /* Xcode4 */ = {
			isa = PBXGroup;
			children = (
				A2C55FC917EE9F49000EBEA7 /* DVTFoundation.h */,
				A2C55FCA17EE9F49000EBEA7 /* DVTKit.h */,
				A2C55FCB17EE9F49000EBEA7 /* IDEFoundation.h */,
				A2C55FCC17EE9F49000EBEA7 /* IDEKit.h */,
				A2C55FCD17EE9F49000EBEA7 /* IDESourceEditor.h */,
			);
			name = Xcode4;
			sourceTree = "<group>";
		};
		A2C55FCE17EE9F4E000EBEA7 /* Xcode5 */ = {
			isa = PBXGroup;
			children = (
			);
			name = Xcode5;
			sourceTree = "<group>";
		};
		A2F41B0F14D70BD000A0314F /* Debug */ = {
			isa = PBXGroup;
			children = (
				A24782B214D6F56E003B6433 /* Logger.h */,
				A24782B314D6F56E003B6433 /* Logger.m */,
			);
			name = Debug;
			sourceTree = "<group>";
		};
		A2F4A34014F00B35006DA5A5 /* Event Handlers(Evaluators) */ = {
			isa = PBXGroup;
			children = (
				C34490D0154280CA00F60E09 /* Argument */,
				C324BDFD15390E1600C13558 /* MotionArgument */,
				A222B5E31514DFD5005E8802 /* Operators */,
				A2C4E79A14E7F36B00751199 /* XVimEvaluator.h */,
				A2C4E79B14E7F36B00751199 /* XVimEvaluator.m */,
				A2FF17CF1502B291003FE648 /* XVimMotionEvaluator.h */,
				A2FF17D01502B291003FE648 /* XVimMotionEvaluator.m */,
				A2F4A33C14F00B25006DA5A5 /* XVimNormalEvaluator.h */,
				A2F4A33D14F00B25006DA5A5 /* XVimNormalEvaluator.m */,
				A2F4A34114F00BD3006DA5A5 /* XVimVisualEvaluator.h */,
				A2F4A34214F00BD3006DA5A5 /* XVimVisualEvaluator.m */,
				A28D42F614FE8E2A004BC121 /* XVimInsertEvaluator.h */,
				A28D42F714FE8E2A004BC121 /* XVimInsertEvaluator.m */,
				C38A5B4B1527CEA400E1448D /* XVimNumericEvaluator.h */,
				C38A5B4C1527CEA400E1448D /* XVimNumericEvaluator.m */,
				C3552D99153948D200D57577 /* XVimCommandLineEvaluator.h */,
				C3552D9A153948D200D57577 /* XVimCommandLineEvaluator.m */,
				A2AFD7321790F2FD009B442B /* XVimRecordingEvaluator.h */,
				A2AFD7331790F2FF009B442B /* XVimRecordingEvaluator.m */,
			);
			name = "Event Handlers(Evaluators)";
			sourceTree = "<group>";
		};
		C324BDFD15390E1600C13558 /* MotionArgument */ = {
			isa = PBXGroup;
			children = (
				C361DE661538F18400037B4B /* XVimGActionEvaluator.h */,
				C361DE671538F18400037B4B /* XVimGActionEvaluator.m */,
				F1F2426B15041A9B00F706A4 /* XVimZEvaluator.h */,
				F1F2426C15041A9B00F706A4 /* XVimZEvaluator.m */,
				A28D42F314FE87AF004BC121 /* XVimGMotionEvaluator.h */,
				A28D42F414FE87AF004BC121 /* XVimGMotionEvaluator.m */,
				C324BDFF15390E8500C13558 /* XVimGVisualEvaluator.h */,
				C324BE0015390E8500C13558 /* XVimGVisualEvaluator.m */,
			);
			name = MotionArgument;
			sourceTree = "<group>";
		};
		C34490D0154280CA00F60E09 /* Argument */ = {
			isa = PBXGroup;
			children = (
				F15805C51530B4000031175A /* XVimWindowEvaluator.h */,
				F15805C61530B4000031175A /* XVimWindowEvaluator.m */,
				F100DC2C150BB6BC002C703C /* XVimRegisterEvaluator.h */,
				F100DC2D150BB6BC002C703C /* XVimRegisterEvaluator.m */,
				C3E8F113154267BA007410ED /* XVimMarkSetEvaluator.h */,
				C3E8F114154267BA007410ED /* XVimMarkSetEvaluator.m */,
				C3E8F11615427AE6007410ED /* XVimArgumentEvaluator.h */,
				C3E8F11715427AE6007410ED /* XVimArgumentEvaluator.m */,
			);
			name = Argument;
			sourceTree = "<group>";
		};
		C345DDB4154CCE5E009F232E /* XCode Independent Classes */ = {
			isa = PBXGroup;
			children = (
				C345DDB6154CCE7E009F232E /* Strings */,
				C3552DA6153AC6F800D57577 /* XVimHistoryHandler.h */,
				C3552DA7153AC6F800D57577 /* XVimHistoryHandler.m */,
				C36C1045153104EC00CE1D62 /* XVimMotionType.h */,
				C32CE8621532F0E5002BCE2B /* XVimKeymapProvider.h */,
				C36266CB153455C9000C79D8 /* XVimMotionOption.h */,
				F17D0139150861DC00A8111B /* XVimRegister.h */,
				F17D013A150861DC00A8111B /* XVimRegister.m */,
				C38A5B2E1526C6B100E1448D /* XVimKeyStroke.h */,
				C38A5B2F1526C6B100E1448D /* XVimKeyStroke.m */,
				C366C23915287EE30008C58E /* XVimKeymap.h */,
				C366C23A15287EE30008C58E /* XVimKeymap.m */,
				A2BA3EA0152E372900C18FB4 /* XVimOptions.h */,
				A2BA3EA1152E372A00C18FB4 /* XVimOptions.m */,
				A2A736341527484B0051E8E4 /* XVimExCommand.h */,
				A2A736351527484B0051E8E4 /* XVimExCommand.m */,
				A293A38616CE8A8000E1E827 /* XVimDebug.h */,
				A293A38716CE8A8000E1E827 /* XVimDebug.m */,
				A2A6BA2C152A544B00F0EB5F /* XVimSearch.h */,
				A2A6BA2D152A544B00F0EB5F /* XVimSearch.m */,
				A23771571611CD4200FE5F8B /* XVimMotion.h */,
				A23771581611CD4200FE5F8B /* XVimMotion.m */,
				A2126B7316FB30B0000BE21C /* XVimMark.h */,
				A2126B7416FB30B0000BE21C /* XVimMark.m */,
				A2126B7616FB4806000BE21C /* XVimMarks.h */,
				A2126B7716FB4806000BE21C /* XVimMarks.m */,
				A26E5F6217A6BCAF0087C9B6 /* NSTextStorage+VimOperation.h */,
				A26E5F6317A6BCAF0087C9B6 /* NSTextStorage+VimOperation.m */,
				A2640CC717ACE651003D197D /* NSTextView+VimOperation.h */,
				A2640CC817ACE651003D197D /* NSTextView+VimOperation.m */,
			);
			name = "XCode Independent Classes";
			sourceTree = "<group>";
		};
		C345DDB6154CCE7E009F232E /* Strings */ = {
			isa = PBXGroup;
			children = (
				BF050D7915EBF3E100CD0D12 /* NSEvent+VimHelper.h */,
				BF050D7A15EBF3E100CD0D12 /* NSEvent+VimHelper.m */,
				A2D48B1D15347B5C0088AB71 /* NSString+VimHelper.h */,
				A2D48B1E15347B5C0088AB71 /* NSString+VimHelper.m */,
				C30886581554C8380024161D /* NSInsetTextView.h */,
				C30886591554C8380024161D /* NSInsetTextView.m */,
			);
			name = Strings;
			sourceTree = "<group>";
		};
		C345DDB7154CCF1F009F232E /* Xcode Dependent Classes */ = {
			isa = PBXGroup;
			children = (
				C3FA1A1B1532648700059BF6 /* XVimWindow.h */,
				C3FA1A1C1532648700059BF6 /* XVimWindow.m */,
				A2ABFE1115497A3C002220E8 /* XVimStatusLine.h */,
				A2ABFE1215497A3C002220E8 /* XVimStatusLine.m */,
				A24782B914D6F56E003B6433 /* XVimCommandField.h */,
				A24782BA14D6F56E003B6433 /* XVimCommandField.m */,
				A2A8A4FE14E41C66002EA6C8 /* XVimCommandLine.h */,
				A2A8A4FF14E41C66002EA6C8 /* XVimCommandLine.m */,
				A216F39F156560FE00AD2529 /* IDEEditorArea+XVim.h */,
				A216F3A0156560FE00AD2529 /* IDEEditorArea+XVim.m */,
				A257C28D156567250098CA09 /* DVTSourceTextView+XVim.h */,
				A257C28E156567250098CA09 /* DVTSourceTextView+XVim.m */,
			);
			name = "Xcode Dependent Classes";
			sourceTree = "<group>";
		};
		C345DDB8154CCF79009F232E /* Event Dispatchers */ = {
			isa = PBXGroup;
			children = (
				C38A5B3F15272B0500E1448D /* DVTSourceTextViewHook.h */,
				C38A5B4015272B0500E1448D /* DVTSourceTextViewHook.m */,
				C38A5B4515272DCC00E1448D /* IDESourceCodeEditorHook.h */,
				C38A5B4615272DCD00E1448D /* IDESourceCodeEditorHook.m */,
				A2ADAB811545C18F0093A908 /* IDEEditorAreaHook.h */,
				A2ADAB821545C18F0093A908 /* IDEEditorAreaHook.m */,
				A26ACC4C154F2D6600B27D69 /* IDEEditorHook.h */,
				A26ACC4D154F2D6700B27D69 /* IDEEditorHook.m */,
				A2702B0016FE537D005ADD76 /* IDEWorkspaceWindowHook.h */,
				A2702B0116FE537D005ADD76 /* IDEWorkspaceWindowHook.m */,
				C345DDB9154CE12A009F232E /* XVimHookManager.h */,
				C345DDBA154CE12A009F232E /* XVimHookManager.m */,
			);
			name = "Event Dispatchers";
			sourceTree = "<group>";
		};
		C38A5B481527C9EE00E1448D /* Xcode Class Definitions */ = {
			isa = PBXGroup;
			children = (
				A2C55FCE17EE9F4E000EBEA7 /* Xcode5 */,
				A2C55FC817EE9F29000EBEA7 /* Xcode4 */,
			);
			name = "Xcode Class Definitions";
			sourceTree = "<group>";
		};
/* End PBXGroup section */

/* Begin PBXNativeTarget section */
		A28F422617EEDBC200A3F7AE /* XVim for Xcode5 */ = {
			isa = PBXNativeTarget;
			buildConfigurationList = A28F427817EEDBC200A3F7AE /* Build configuration list for PBXNativeTarget "XVim for Xcode5" */;
			buildPhases = (
				A28F422717EEDBC200A3F7AE /* Sources */,
				A28F427117EEDBC200A3F7AE /* Frameworks */,
				A28F427417EEDBC200A3F7AE /* Resources */,
				A28F427617EEDBC200A3F7AE /* Copy Files */,
			);
			buildRules = (
			);
			dependencies = (
			);
			name = "XVim for Xcode5";
			productName = XVim_lite2;
			productReference = A2E7E45217EF0219008F045A /* XVim.xcplugin */;
			productType = "com.apple.product-type.bundle";
		};
		A2B4BAB714D59F6600D817B0 /* XVim for Xcode4 */ = {
			isa = PBXNativeTarget;
			buildConfigurationList = A2B4BACA14D59F6600D817B0 /* Build configuration list for PBXNativeTarget "XVim for Xcode4" */;
			buildPhases = (
				A2B4BAB414D59F6600D817B0 /* Sources */,
				A2B4BAB514D59F6600D817B0 /* Frameworks */,
				A2B4BAB614D59F6600D817B0 /* Resources */,
				A245BFB0150123AD00F048B1 /* Copy Files */,
			);
			buildRules = (
			);
			dependencies = (
			);
			name = "XVim for Xcode4";
			productName = XVim_lite2;
			productReference = A234821814E7E26A003E0FF3 /* XVim.xcplugin */;
			productType = "com.apple.product-type.bundle";
		};
/* End PBXNativeTarget section */

/* Begin PBXProject section */
		A2B4BAAF14D59F6600D817B0 /* Project object */ = {
			isa = PBXProject;
			attributes = {
				LastUpgradeCheck = 0460;
			};
			buildConfigurationList = A2B4BAB214D59F6600D817B0 /* Build configuration list for PBXProject "XVim" */;
			compatibilityVersion = "Xcode 3.2";
			developmentRegion = English;
			hasScannedForEncodings = 0;
			knownRegions = (
				en,
			);
			mainGroup = A2B4BAAD14D59F6600D817B0;
			productRefGroup = A2B4BAAD14D59F6600D817B0;
			projectDirPath = "";
			projectRoot = "";
			targets = (
				A2B4BAB714D59F6600D817B0 /* XVim for Xcode4 */,
				A28F422617EEDBC200A3F7AE /* XVim for Xcode5 */,
			);
		};
/* End PBXProject section */

/* Begin PBXResourcesBuildPhase section */
		A28F427417EEDBC200A3F7AE /* Resources */ = {
			isa = PBXResourcesBuildPhase;
			buildActionMask = 2147483647;
			files = (
				A2243B7017F03BFC00DD92A1 /* Info_Xcode5.plist in Resources */,
			);
			runOnlyForDeploymentPostprocessing = 0;
		};
		A2B4BAB614D59F6600D817B0 /* Resources */ = {
			isa = PBXResourcesBuildPhase;
			buildActionMask = 2147483647;
			files = (
				A24782C614D6F6DC003B6433 /* InfoPlist.strings in Resources */,
			);
			runOnlyForDeploymentPostprocessing = 0;
		};
/* End PBXResourcesBuildPhase section */

/* Begin PBXSourcesBuildPhase section */
		A28F422717EEDBC200A3F7AE /* Sources */ = {
			isa = PBXSourcesBuildPhase;
			buildActionMask = 2147483647;
			files = (
				A28F422817EEDBC200A3F7AE /* Logger.m in Sources */,
				A28F422917EEDBC200A3F7AE /* XVim.m in Sources */,
				A28F422A17EEDBC200A3F7AE /* XVimCommandField.m in Sources */,
				A28F422B17EEDBC200A3F7AE /* XVimCommandLine.m in Sources */,
				A28F422C17EEDBC200A3F7AE /* Hooker.m in Sources */,
				A28F422D17EEDBC200A3F7AE /* XVimEvaluator.m in Sources */,
				A28F422E17EEDBC200A3F7AE /* XVimNormalEvaluator.m in Sources */,
				A28F422F17EEDBC200A3F7AE /* XVimVisualEvaluator.m in Sources */,
				A28F423017EEDBC200A3F7AE /* XVimDeleteEvaluator.m in Sources */,
				A28F423117EEDBC200A3F7AE /* XVimShiftEvaluator.m in Sources */,
				A28F423217EEDBC200A3F7AE /* XVimYankEvaluator.m in Sources */,
				A28F423317EEDBC200A3F7AE /* XVimGMotionEvaluator.m in Sources */,
				A28F423417EEDBC200A3F7AE /* XVimInsertEvaluator.m in Sources */,
				A28F423517EEDBC200A3F7AE /* XVimMotionEvaluator.m in Sources */,
				A28F423617EEDBC200A3F7AE /* XVimZEvaluator.m in Sources */,
				A28F423717EEDBC200A3F7AE /* XVimEqualEvaluator.m in Sources */,
				A28F423817EEDBC200A3F7AE /* XVimRegister.m in Sources */,
				A28F423917EEDBC200A3F7AE /* XVimRegisterEvaluator.m in Sources */,
				A28F423A17EEDBC200A3F7AE /* XVimOperatorEvaluator.m in Sources */,
				A28F423B17EEDBC200A3F7AE /* XVimKeyStroke.m in Sources */,
				A28F423C17EEDBC200A3F7AE /* DVTSourceTextViewHook.m in Sources */,
				A28F423D17EEDBC200A3F7AE /* IDESourceCodeEditorHook.m in Sources */,
				A28F423E17EEDBC200A3F7AE /* XVimNumericEvaluator.m in Sources */,
				A28F423F17EEDBC200A3F7AE /* XVimKeymap.m in Sources */,
				A28F424017EEDBC200A3F7AE /* XVimExCommand.m in Sources */,
				A28F424117EEDBC200A3F7AE /* XVimSearch.m in Sources */,
				A28F424217EEDBC200A3F7AE /* XVimOptions.m in Sources */,
				A28F424317EEDBC200A3F7AE /* XVimTildeEvaluator.m in Sources */,
				A28F424417EEDBC200A3F7AE /* XVimLowercaseEvaluator.m in Sources */,
				A28F424517EEDBC200A3F7AE /* XVimUppercaseEvaluator.m in Sources */,
				A28F424617EEDBC200A3F7AE /* XVimWindowEvaluator.m in Sources */,
				A28F424717EEDBC200A3F7AE /* XVimTextObjectEvaluator.m in Sources */,
				A28F424817EEDBC200A3F7AE /* XVimWindow.m in Sources */,
				A28F424917EEDBC200A3F7AE /* NSString+VimHelper.m in Sources */,
				A28F424A17EEDBC200A3F7AE /* XVimGActionEvaluator.m in Sources */,
				A28F424B17EEDBC200A3F7AE /* XVimGVisualEvaluator.m in Sources */,
				A28F424C17EEDBC200A3F7AE /* XVimCommandLineEvaluator.m in Sources */,
				A28F424D17EEDBC200A3F7AE /* XVimHistoryHandler.m in Sources */,
				A28F424E17EEDBC200A3F7AE /* XVimMarkSetEvaluator.m in Sources */,
				A28F424F17EEDBC200A3F7AE /* XVimArgumentEvaluator.m in Sources */,
				A28F425017EEDBC200A3F7AE /* IDEEditorAreaHook.m in Sources */,
				A28F425117EEDBC200A3F7AE /* XVimStatusLine.m in Sources */,
				A28F425217EEDBC200A3F7AE /* XVimHookManager.m in Sources */,
				A28F425317EEDBC200A3F7AE /* IDEEditorHook.m in Sources */,
				A28F425417EEDBC200A3F7AE /* NSInsetTextView.m in Sources */,
				A28F425517EEDBC200A3F7AE /* IDEEditorArea+XVim.m in Sources */,
				A28F425617EEDBC200A3F7AE /* DVTSourceTextView+XVim.m in Sources */,
				A28F425717EEDBC200A3F7AE /* XVimTester.m in Sources */,
				A28F425817EEDBC200A3F7AE /* NSEvent+VimHelper.m in Sources */,
				A28F425917EEDBC200A3F7AE /* XVimMotion.m in Sources */,
				A28F425A17EEDBC200A3F7AE /* XVimDebug.m in Sources */,
				A28F425B17EEDBC200A3F7AE /* Utils.m in Sources */,
				A28F425C17EEDBC200A3F7AE /* XVimMark.m in Sources */,
				A28F425D17EEDBC200A3F7AE /* XVimMarks.m in Sources */,
				A28F425E17EEDBC200A3F7AE /* IDEWorkspaceWindowHook.m in Sources */,
				A28F425F17EEDBC200A3F7AE /* NSObject+ExtraData.m in Sources */,
				A28F426017EEDBC200A3F7AE /* XVimUtil.m in Sources */,
				A28F426117EEDBC200A3F7AE /* XVimTestCase.m in Sources */,
				A28F426217EEDBC200A3F7AE /* XVimTester+TextObject.m in Sources */,
				A28F426317EEDBC200A3F7AE /* XVimTester+Motion.m in Sources */,
				A28F426417EEDBC200A3F7AE /* XVimTester+Operator.m in Sources */,
				A28F426517EEDBC200A3F7AE /* XVimTester+Mark.m in Sources */,
				A28F426617EEDBC200A3F7AE /* XVimTester+Visual.m in Sources */,
				A28F426717EEDBC200A3F7AE /* XVimTester+map.m in Sources */,
				A28F426817EEDBC200A3F7AE /* XVimTester+Register.m in Sources */,
				A28F426917EEDBC200A3F7AE /* XVimRecordingEvaluator.m in Sources */,
				A28F426A17EEDBC200A3F7AE /* XVimTester+Recording.m in Sources */,
				A28F426B17EEDBC200A3F7AE /* XVimTester+Issues.m in Sources */,
				A28F426C17EEDBC200A3F7AE /* NSTextStorage+VimOperation.m in Sources */,
				A28F426D17EEDBC200A3F7AE /* NSTextView+VimOperation.m in Sources */,
				A28F426E17EEDBC200A3F7AE /* XVimTester+ExCmd.m in Sources */,
				A28F426F17EEDBC200A3F7AE /* XVimTester+Search.m in Sources */,
				A28F427017EEDBC200A3F7AE /* XVimJoinEvaluator.m in Sources */,
			);
			runOnlyForDeploymentPostprocessing = 0;
		};
		A2B4BAB414D59F6600D817B0 /* Sources */ = {
			isa = PBXSourcesBuildPhase;
			buildActionMask = 2147483647;
			files = (
				A24782BF14D6F56E003B6433 /* Logger.m in Sources */,
				A24782C114D6F56E003B6433 /* XVim.m in Sources */,
				A24782C214D6F56E003B6433 /* XVimCommandField.m in Sources */,
				A2A8A50014E41C66002EA6C8 /* XVimCommandLine.m in Sources */,
				A2C4E79814E7F35300751199 /* Hooker.m in Sources */,
				A2C4E79C14E7F36B00751199 /* XVimEvaluator.m in Sources */,
				A2F4A33E14F00B25006DA5A5 /* XVimNormalEvaluator.m in Sources */,
				A2F4A34314F00BD3006DA5A5 /* XVimVisualEvaluator.m in Sources */,
				A2277ED414F80BCB00A6B70C /* XVimDeleteEvaluator.m in Sources */,
				A2277ED814F80BFE00A6B70C /* XVimShiftEvaluator.m in Sources */,
				A2277EDB14F80D5000A6B70C /* XVimYankEvaluator.m in Sources */,
				A28D42F514FE87AF004BC121 /* XVimGMotionEvaluator.m in Sources */,
				A28D42F814FE8E2A004BC121 /* XVimInsertEvaluator.m in Sources */,
				A2FF17D11502B292003FE648 /* XVimMotionEvaluator.m in Sources */,
				F1F2426D15041A9B00F706A4 /* XVimZEvaluator.m in Sources */,
				F1C1E515150475ED0005C1CB /* XVimEqualEvaluator.m in Sources */,
				F17D013B150861DC00A8111B /* XVimRegister.m in Sources */,
				F100DC2E150BB6BC002C703C /* XVimRegisterEvaluator.m in Sources */,
				A222B5E11514DFCD005E8802 /* XVimOperatorEvaluator.m in Sources */,
				C38A5B301526C6B100E1448D /* XVimKeyStroke.m in Sources */,
				C38A5B4115272B0500E1448D /* DVTSourceTextViewHook.m in Sources */,
				C38A5B4715272DCD00E1448D /* IDESourceCodeEditorHook.m in Sources */,
				C38A5B4D1527CEA500E1448D /* XVimNumericEvaluator.m in Sources */,
				C366C23B15287EE30008C58E /* XVimKeymap.m in Sources */,
				A2A736381527484B0051E8E4 /* XVimExCommand.m in Sources */,
				A2A6BA2E152A544C00F0EB5F /* XVimSearch.m in Sources */,
				A2BA3EA2152E372A00C18FB4 /* XVimOptions.m in Sources */,
				C3AA7226152F186A00C61D97 /* XVimTildeEvaluator.m in Sources */,
				C3AA722A152F1B1800C61D97 /* XVimLowercaseEvaluator.m in Sources */,
				C3AA722D152F1B2800C61D97 /* XVimUppercaseEvaluator.m in Sources */,
				F15805C71530B4000031175A /* XVimWindowEvaluator.m in Sources */,
				C36C104E153131C600CE1D62 /* XVimTextObjectEvaluator.m in Sources */,
				C3FA1A1D1532648700059BF6 /* XVimWindow.m in Sources */,
				A2D48B1F15347B5C0088AB71 /* NSString+VimHelper.m in Sources */,
				C361DE681538F18400037B4B /* XVimGActionEvaluator.m in Sources */,
				C324BE0115390E8500C13558 /* XVimGVisualEvaluator.m in Sources */,
				C3552D9B153948D200D57577 /* XVimCommandLineEvaluator.m in Sources */,
				C3552DA8153AC6F800D57577 /* XVimHistoryHandler.m in Sources */,
				C3E8F115154267BA007410ED /* XVimMarkSetEvaluator.m in Sources */,
				C3E8F11815427AE6007410ED /* XVimArgumentEvaluator.m in Sources */,
				A2ADAB831545C18F0093A908 /* IDEEditorAreaHook.m in Sources */,
				A2ABFE1315497A3C002220E8 /* XVimStatusLine.m in Sources */,
				C345DDBB154CE12A009F232E /* XVimHookManager.m in Sources */,
				A26ACC4E154F2D6800B27D69 /* IDEEditorHook.m in Sources */,
				C308865A1554C8380024161D /* NSInsetTextView.m in Sources */,
				A216F3A1156560FE00AD2529 /* IDEEditorArea+XVim.m in Sources */,
				A257C28F156567250098CA09 /* DVTSourceTextView+XVim.m in Sources */,
				A26DC88615DF33C600779CB4 /* XVimTester.m in Sources */,
				BF07A94215EBF404006E6984 /* NSEvent+VimHelper.m in Sources */,
				A23771591611CD4300FE5F8B /* XVimMotion.m in Sources */,
				A293A38816CE8A8000E1E827 /* XVimDebug.m in Sources */,
				A2C1BB5316CEAC7F0066F420 /* Utils.m in Sources */,
				A2126B7516FB30B0000BE21C /* XVimMark.m in Sources */,
				A2126B7816FB4806000BE21C /* XVimMarks.m in Sources */,
				A2702B0216FE537D005ADD76 /* IDEWorkspaceWindowHook.m in Sources */,
				A2702B0B16FEA313005ADD76 /* NSObject+ExtraData.m in Sources */,
				A22A00A01708914E0003046C /* XVimUtil.m in Sources */,
				A22A00A31709CBE50003046C /* XVimTestCase.m in Sources */,
				A2575400172F5F0E003D8A97 /* XVimTester+TextObject.m in Sources */,
				A2575403172F652B003D8A97 /* XVimTester+Motion.m in Sources */,
				A2575406172F65E6003D8A97 /* XVimTester+Operator.m in Sources */,
				A2575409172F6698003D8A97 /* XVimTester+Mark.m in Sources */,
				A257540C1732A58F003D8A97 /* XVimTester+Visual.m in Sources */,
				A23E43181770E19B0066BF30 /* XVimTester+map.m in Sources */,
				A250950D1787B3340090F857 /* XVimTester+Register.m in Sources */,
				A2AFD7341790F300009B442B /* XVimRecordingEvaluator.m in Sources */,
				A2AFD73717914ACE009B442B /* XVimTester+Recording.m in Sources */,
				A2771E6B179EF520003B621E /* XVimTester+Issues.m in Sources */,
				A26E5F6417A6BCAF0087C9B6 /* NSTextStorage+VimOperation.m in Sources */,
				A2640CC917ACE651003D197D /* NSTextView+VimOperation.m in Sources */,
				A24BE47517AD0D31001F797B /* XVimTester+ExCmd.m in Sources */,
				A28D895717BFF434002709D8 /* XVimTester+Search.m in Sources */,
				A23D002417DA0C7D007EBB21 /* XVimJoinEvaluator.m in Sources */,
			);
			runOnlyForDeploymentPostprocessing = 0;
		};
/* End PBXSourcesBuildPhase section */

/* Begin PBXVariantGroup section */
		A24782C414D6F6DC003B6433 /* InfoPlist.strings */ = {
			isa = PBXVariantGroup;
			children = (
				A24782C514D6F6DC003B6433 /* en */,
			);
			name = InfoPlist.strings;
			sourceTree = "<group>";
		};
/* End PBXVariantGroup section */

/* Begin XCBuildConfiguration section */
		A28F427917EEDBC200A3F7AE /* Debug */ = {
			isa = XCBuildConfiguration;
			buildSettings = {
				ALWAYS_SEARCH_USER_PATHS = YES;
				COMBINE_HIDPI_IMAGES = YES;
				FRAMEWORK_SEARCH_PATHS = (
					"$(inherited)",
					"$(SYSTEM_APPS_DIR)/Xcode\\ 2.app/Contents/Frameworks",
					"$(SYSTEM_APPS_DIR)/Xcode\\ 2.app/Contents/SharedFrameworks",
				);
				GCC_ENABLE_OBJC_GC = supported;
				GCC_PRECOMPILE_PREFIX_HEADER = YES;
				GCC_PREFIX_HEADER = "XVim/XVim-Prefix.pch";
				GCC_PREPROCESSOR_DEFINITIONS = (
					"XVIM_XCODE_VERSION=5",
					"$(inherited)",
				);
				GCC_TREAT_WARNINGS_AS_ERRORS = YES;
				INFOPLIST_FILE = XVim/Info_Xcode5.plist;
				INSTALL_PATH = "";
				PRODUCT_NAME = XVim;
				SDKROOT = macosx;
				USER_HEADER_SEARCH_PATHS = "$(inherited)";
				WRAPPER_EXTENSION = xcplugin;
			};
			name = Debug;
		};
		A28F427A17EEDBC200A3F7AE /* Release */ = {
			isa = XCBuildConfiguration;
			buildSettings = {
				ALWAYS_SEARCH_USER_PATHS = YES;
				COMBINE_HIDPI_IMAGES = YES;
				FRAMEWORK_SEARCH_PATHS = (
					"$(inherited)",
					"$(SYSTEM_APPS_DIR)/Xcode\\ 2.app/Contents/Frameworks",
					"$(SYSTEM_APPS_DIR)/Xcode\\ 2.app/Contents/SharedFrameworks",
				);
				GCC_ENABLE_OBJC_GC = supported;
				GCC_PRECOMPILE_PREFIX_HEADER = YES;
				GCC_PREFIX_HEADER = "XVim/XVim-Prefix.pch";
				GCC_PREPROCESSOR_DEFINITIONS = "XVIM_XCODE_VERSION=5";
				GCC_TREAT_WARNINGS_AS_ERRORS = YES;
				INFOPLIST_FILE = XVim/Info_Xcode5.plist;
				INSTALL_PATH = "";
				PRODUCT_NAME = XVim;
				SDKROOT = macosx;
				USER_HEADER_SEARCH_PATHS = "$(inherited)";
				WRAPPER_EXTENSION = xcplugin;
			};
			name = Release;
		};
		A2B4BAC814D59F6600D817B0 /* Debug */ = {
			isa = XCBuildConfiguration;
			buildSettings = {
				ALWAYS_SEARCH_USER_PATHS = YES;
				ARCHS = "$(ARCHS_STANDARD_64_BIT)";
				CLANG_WARN_CONSTANT_CONVERSION = YES;
				CLANG_WARN_ENUM_CONVERSION = YES;
				CLANG_WARN_IMPLICIT_SIGN_CONVERSION = YES;
				CLANG_WARN_INT_CONVERSION = YES;
				CLANG_WARN__DUPLICATE_METHOD_MATCH = YES;
				COPY_PHASE_STRIP = NO;
				FRAMEWORK_SEARCH_PATHS = (
					"$(DEVELOPER_DIR)/../Frameworks",
					"$(DEVELOPER_DIR)/../PlugIns",
					"$(DEVELOPER_DIR)/../SharedFrameworks",
				);
				GCC_C_LANGUAGE_STANDARD = gnu99;
				GCC_DYNAMIC_NO_PIC = NO;
				GCC_ENABLE_OBJC_EXCEPTIONS = YES;
				GCC_OPTIMIZATION_LEVEL = 0;
				GCC_PREPROCESSOR_DEFINITIONS = (
					"DEBUG=1",
					"$(inherited)",
				);
				GCC_SYMBOLS_PRIVATE_EXTERN = NO;
				GCC_TREAT_WARNINGS_AS_ERRORS = YES;
				GCC_VERSION = com.apple.compilers.llvm.clang.1_0;
				GCC_WARN_64_TO_32_BIT_CONVERSION = YES;
				GCC_WARN_ABOUT_MISSING_PROTOTYPES = YES;
				GCC_WARN_ABOUT_RETURN_TYPE = YES;
				GCC_WARN_UNINITIALIZED_AUTOS = YES;
				GCC_WARN_UNUSED_VARIABLE = YES;
				HEADER_SEARCH_PATHS = "$(inherited)";
				MACOSX_DEPLOYMENT_TARGET = 10.6;
				ONLY_ACTIVE_ARCH = YES;
				USER_HEADER_SEARCH_PATHS = "./XcodeClasses/Xcode4 ./XVim";
				USE_HEADERMAP = NO;
			};
			name = Debug;
		};
		A2B4BAC914D59F6600D817B0 /* Release */ = {
			isa = XCBuildConfiguration;
			buildSettings = {
				ALWAYS_SEARCH_USER_PATHS = YES;
				ARCHS = "$(ARCHS_STANDARD_64_BIT)";
				CLANG_WARN_CONSTANT_CONVERSION = YES;
				CLANG_WARN_ENUM_CONVERSION = YES;
				CLANG_WARN_IMPLICIT_SIGN_CONVERSION = YES;
				CLANG_WARN_INT_CONVERSION = YES;
				CLANG_WARN__DUPLICATE_METHOD_MATCH = YES;
				CONFIGURATION_TEMP_DIR = "$(PROJECT_TEMP_DIR)/$(CONFIGURATION)$(EFFECTIVE_PLATFORM_NAME)";
				COPY_PHASE_STRIP = YES;
				DEBUG_INFORMATION_FORMAT = "dwarf-with-dsym";
				FRAMEWORK_SEARCH_PATHS = (
					"$(DEVELOPER_DIR)/../Frameworks",
					"$(DEVELOPER_DIR)/../PlugIns",
					"$(DEVELOPER_DIR)/../SharedFrameworks",
				);
				GCC_C_LANGUAGE_STANDARD = gnu99;
				GCC_ENABLE_OBJC_EXCEPTIONS = YES;
				GCC_TREAT_WARNINGS_AS_ERRORS = YES;
				GCC_VERSION = com.apple.compilers.llvm.clang.1_0;
				GCC_WARN_64_TO_32_BIT_CONVERSION = YES;
				GCC_WARN_ABOUT_MISSING_PROTOTYPES = YES;
				GCC_WARN_ABOUT_RETURN_TYPE = YES;
				GCC_WARN_UNINITIALIZED_AUTOS = YES;
				GCC_WARN_UNUSED_VARIABLE = YES;
				HEADER_SEARCH_PATHS = "$(inherited)";
				MACOSX_DEPLOYMENT_TARGET = 10.6;
				USER_HEADER_SEARCH_PATHS = "./XcodeClasses/Xcode4 ./XVim";
				USE_HEADERMAP = NO;
			};
			name = Release;
		};
		A2B4BACB14D59F6600D817B0 /* Debug */ = {
			isa = XCBuildConfiguration;
			buildSettings = {
				ALWAYS_SEARCH_USER_PATHS = YES;
				COMBINE_HIDPI_IMAGES = YES;
				FRAMEWORK_SEARCH_PATHS = (
					"$(inherited)",
					"$(SYSTEM_APPS_DIR)/Xcode\\ 2.app/Contents/Frameworks",
					"$(SYSTEM_APPS_DIR)/Xcode\\ 2.app/Contents/SharedFrameworks",
				);
				GCC_ENABLE_OBJC_GC = supported;
				GCC_PRECOMPILE_PREFIX_HEADER = YES;
				GCC_PREFIX_HEADER = "XVim/XVim-Prefix.pch";
				GCC_PREPROCESSOR_DEFINITIONS = (
					"XVIM_XCODE_VERSION=4",
					"$(inherited)",
				);
				GCC_TREAT_WARNINGS_AS_ERRORS = YES;
				INFOPLIST_FILE = XVim/Info.plist;
				INSTALL_PATH = "";
				PRODUCT_NAME = XVim;
				SDKROOT = macosx;
				USER_HEADER_SEARCH_PATHS = "$(inherited)";
				WRAPPER_EXTENSION = xcplugin;
			};
			name = Debug;
		};
		A2B4BACC14D59F6600D817B0 /* Release */ = {
			isa = XCBuildConfiguration;
			buildSettings = {
				ALWAYS_SEARCH_USER_PATHS = YES;
				COMBINE_HIDPI_IMAGES = YES;
				FRAMEWORK_SEARCH_PATHS = (
					"$(inherited)",
					"$(SYSTEM_APPS_DIR)/Xcode\\ 2.app/Contents/Frameworks",
					"$(SYSTEM_APPS_DIR)/Xcode\\ 2.app/Contents/SharedFrameworks",
				);
				GCC_ENABLE_OBJC_GC = supported;
				GCC_PRECOMPILE_PREFIX_HEADER = YES;
				GCC_PREFIX_HEADER = "XVim/XVim-Prefix.pch";
				GCC_PREPROCESSOR_DEFINITIONS = "XVIM_XCODE_VERSION=4";
				GCC_TREAT_WARNINGS_AS_ERRORS = YES;
				INFOPLIST_FILE = XVim/Info.plist;
				INSTALL_PATH = "";
				PRODUCT_NAME = XVim;
				SDKROOT = macosx;
				USER_HEADER_SEARCH_PATHS = "$(inherited)";
				WRAPPER_EXTENSION = xcplugin;
			};
			name = Release;
		};
/* End XCBuildConfiguration section */

/* Begin XCConfigurationList section */
		A28F427817EEDBC200A3F7AE /* Build configuration list for PBXNativeTarget "XVim for Xcode5" */ = {
			isa = XCConfigurationList;
			buildConfigurations = (
				A28F427917EEDBC200A3F7AE /* Debug */,
				A28F427A17EEDBC200A3F7AE /* Release */,
			);
			defaultConfigurationIsVisible = 0;
			defaultConfigurationName = Release;
		};
		A2B4BAB214D59F6600D817B0 /* Build configuration list for PBXProject "XVim" */ = {
			isa = XCConfigurationList;
			buildConfigurations = (
				A2B4BAC814D59F6600D817B0 /* Debug */,
				A2B4BAC914D59F6600D817B0 /* Release */,
			);
			defaultConfigurationIsVisible = 0;
			defaultConfigurationName = Release;
		};
		A2B4BACA14D59F6600D817B0 /* Build configuration list for PBXNativeTarget "XVim for Xcode4" */ = {
			isa = XCConfigurationList;
			buildConfigurations = (
				A2B4BACB14D59F6600D817B0 /* Debug */,
				A2B4BACC14D59F6600D817B0 /* Release */,
			);
			defaultConfigurationIsVisible = 0;
			defaultConfigurationName = Release;
		};
/* End XCConfigurationList section */
	};
	rootObject = A2B4BAAF14D59F6600D817B0 /* Project object */;
}
